// !$*UTF8*$!
{
	archiveVersion = 1;
	classes = {
	};
	objectVersion = 70;
	objects = {

/* Begin PBXBuildFile section */
		61252D2E2D98E5E70052B8CA /* GridView.swift in Sources */ = {isa = PBXBuildFile; fileRef = 61252D2D2D98E5E70052B8CA /* GridView.swift */; };
		61357E262D997E150071C7AF /* Helpers.swift in Sources */ = {isa = PBXBuildFile; fileRef = 61357E252D997E150071C7AF /* Helpers.swift */; };
		6169B3502DB94DA20075AE28 /* DatePickerView.swift in Sources */ = {isa = PBXBuildFile; fileRef = 6169B34F2DB94DA20075AE28 /* DatePickerView.swift */; };
		61BC6E182DC3E7D7005EFFD9 /* DatePickerView 2.swift in Sources */ = {isa = PBXBuildFile; fileRef = 61BC6E172DC3E7D7005EFFD9 /* DatePickerView 2.swift */; };
		61BE27142DB3748D0000DB49 /* GenericBottomSheetView.swift in Sources */ = {isa = PBXBuildFile; fileRef = 61BE27132DB3748D0000DB49 /* GenericBottomSheetView.swift */; };
		61C8846D2D8FF66D00D566FC /* Item.swift in Sources */ = {isa = PBXBuildFile; fileRef = 61C8846C2D8FF66D00D566FC /* Item.swift */; };
		61FEC0EF2DAD755C00535FB1 /* SheetView.swift in Sources */ = {isa = PBXBuildFile; fileRef = 61FEC0EE2DAD755C00535FB1 /* SheetView.swift */; };
		D32DFA452CA881A8009B603E /* OnboardingView.swift in Sources */ = {isa = PBXBuildFile; fileRef = D32DFA442CA881A8009B603E /* OnboardingView.swift */; };
		D32DFA4B2CA88235009B603E /* TopIcon_Title.swift in Sources */ = {isa = PBXBuildFile; fileRef = D32DFA4A2CA88235009B603E /* TopIcon_Title.swift */; };
		D34BE7512C9F163400A3A3CA /* StudyAppApp.swift in Sources */ = {isa = PBXBuildFile; fileRef = D34BE7502C9F163400A3A3CA /* StudyAppApp.swift */; };
		D34BE7532C9F163400A3A3CA /* ContentView.swift in Sources */ = {isa = PBXBuildFile; fileRef = D34BE7522C9F163400A3A3CA /* ContentView.swift */; };
		D34BE7572C9F163600A3A3CA /* Assets.xcassets in Resources */ = {isa = PBXBuildFile; fileRef = D34BE7562C9F163600A3A3CA /* Assets.xcassets */; };
		D34BE75A2C9F163600A3A3CA /* Preview Assets.xcassets in Resources */ = {isa = PBXBuildFile; fileRef = D34BE7592C9F163600A3A3CA /* Preview Assets.xcassets */; };
		D34BE7642C9F163600A3A3CA /* StudyAppTests.swift in Sources */ = {isa = PBXBuildFile; fileRef = D34BE7632C9F163600A3A3CA /* StudyAppTests.swift */; };
		D34BE76E2C9F163600A3A3CA /* StudyAppUITests.swift in Sources */ = {isa = PBXBuildFile; fileRef = D34BE76D2C9F163600A3A3CA /* StudyAppUITests.swift */; };
		D34BE7702C9F163600A3A3CA /* StudyAppUITestsLaunchTests.swift in Sources */ = {isa = PBXBuildFile; fileRef = D34BE76F2C9F163600A3A3CA /* StudyAppUITestsLaunchTests.swift */; };
		D34BE77E2C9F2CD800A3A3CA /* LaunchScreenView.swift in Sources */ = {isa = PBXBuildFile; fileRef = D34BE77D2C9F2CD800A3A3CA /* LaunchScreenView.swift */; };
		D35B48862D32C04000AF3873 /* SignInView.swift in Sources */ = {isa = PBXBuildFile; fileRef = D35B48852D32C04000AF3873 /* SignInView.swift */; };
		D39362082CA99770002C368B /* SignUpView.swift in Sources */ = {isa = PBXBuildFile; fileRef = D39362072CA99770002C368B /* SignUpView.swift */; };
		D393620A2CA99E62002C368B /* OTPVerificationView.swift in Sources */ = {isa = PBXBuildFile; fileRef = D39362092CA99E62002C368B /* OTPVerificationView.swift */; };
		D3FDDE1F2CA92AFD00143D0D /* BackgroundImageView.swift in Sources */ = {isa = PBXBuildFile; fileRef = D3FDDE1E2CA92AFD00143D0D /* BackgroundImageView.swift */; };
		D3FDDE212CA9771600143D0D /* OnboardUIModel.swift in Sources */ = {isa = PBXBuildFile; fileRef = D3FDDE202CA9771600143D0D /* OnboardUIModel.swift */; };
/* End PBXBuildFile section */

/* Begin PBXContainerItemProxy section */
		D34BE7602C9F163600A3A3CA /* PBXContainerItemProxy */ = {
			isa = PBXContainerItemProxy;
			containerPortal = D34BE7452C9F163400A3A3CA /* Project object */;
			proxyType = 1;
			remoteGlobalIDString = D34BE74C2C9F163400A3A3CA;
			remoteInfo = StudyApp;
		};
		D34BE76A2C9F163600A3A3CA /* PBXContainerItemProxy */ = {
			isa = PBXContainerItemProxy;
			containerPortal = D34BE7452C9F163400A3A3CA /* Project object */;
			proxyType = 1;
			remoteGlobalIDString = D34BE74C2C9F163400A3A3CA;
			remoteInfo = StudyApp;
		};
/* End PBXContainerItemProxy section */

/* Begin PBXFileReference section */
		61252D2D2D98E5E70052B8CA /* GridView.swift */ = {isa = PBXFileReference; lastKnownFileType = sourcecode.swift; path = GridView.swift; sourceTree = "<group>"; };
		61357E252D997E150071C7AF /* Helpers.swift */ = {isa = PBXFileReference; lastKnownFileType = sourcecode.swift; path = Helpers.swift; sourceTree = "<group>"; };
		6169B34F2DB94DA20075AE28 /* DatePickerView.swift */ = {isa = PBXFileReference; lastKnownFileType = sourcecode.swift; path = DatePickerView.swift; sourceTree = "<group>"; };
		61BC6E172DC3E7D7005EFFD9 /* DatePickerView 2.swift */ = {isa = PBXFileReference; lastKnownFileType = sourcecode.swift; path = "DatePickerView 2.swift"; sourceTree = "<group>"; };
		61BE27132DB3748D0000DB49 /* GenericBottomSheetView.swift */ = {isa = PBXFileReference; lastKnownFileType = sourcecode.swift; path = GenericBottomSheetView.swift; sourceTree = "<group>"; };
		61C8846C2D8FF66D00D566FC /* Item.swift */ = {isa = PBXFileReference; lastKnownFileType = sourcecode.swift; path = Item.swift; sourceTree = "<group>"; };
		61FEC0EE2DAD755C00535FB1 /* SheetView.swift */ = {isa = PBXFileReference; lastKnownFileType = sourcecode.swift; path = SheetView.swift; sourceTree = "<group>"; };
		D32DFA442CA881A8009B603E /* OnboardingView.swift */ = {isa = PBXFileReference; lastKnownFileType = sourcecode.swift; path = OnboardingView.swift; sourceTree = "<group>"; };
		D32DFA4A2CA88235009B603E /* TopIcon_Title.swift */ = {isa = PBXFileReference; lastKnownFileType = sourcecode.swift; path = TopIcon_Title.swift; sourceTree = "<group>"; };
		D34BE74D2C9F163400A3A3CA /* StudyApp.app */ = {isa = PBXFileReference; explicitFileType = wrapper.application; includeInIndex = 0; path = StudyApp.app; sourceTree = BUILT_PRODUCTS_DIR; };
		D34BE7502C9F163400A3A3CA /* StudyAppApp.swift */ = {isa = PBXFileReference; lastKnownFileType = sourcecode.swift; path = StudyAppApp.swift; sourceTree = "<group>"; };
		D34BE7522C9F163400A3A3CA /* ContentView.swift */ = {isa = PBXFileReference; lastKnownFileType = sourcecode.swift; path = ContentView.swift; sourceTree = "<group>"; };
		D34BE7562C9F163600A3A3CA /* Assets.xcassets */ = {isa = PBXFileReference; lastKnownFileType = folder.assetcatalog; path = Assets.xcassets; sourceTree = "<group>"; };
		D34BE7592C9F163600A3A3CA /* Preview Assets.xcassets */ = {isa = PBXFileReference; lastKnownFileType = folder.assetcatalog; path = "Preview Assets.xcassets"; sourceTree = "<group>"; };
		D34BE75F2C9F163600A3A3CA /* StudyAppTests.xctest */ = {isa = PBXFileReference; explicitFileType = wrapper.cfbundle; includeInIndex = 0; path = StudyAppTests.xctest; sourceTree = BUILT_PRODUCTS_DIR; };
		D34BE7632C9F163600A3A3CA /* StudyAppTests.swift */ = {isa = PBXFileReference; lastKnownFileType = sourcecode.swift; path = StudyAppTests.swift; sourceTree = "<group>"; };
		D34BE7692C9F163600A3A3CA /* StudyAppUITests.xctest */ = {isa = PBXFileReference; explicitFileType = wrapper.cfbundle; includeInIndex = 0; path = StudyAppUITests.xctest; sourceTree = BUILT_PRODUCTS_DIR; };
		D34BE76D2C9F163600A3A3CA /* StudyAppUITests.swift */ = {isa = PBXFileReference; lastKnownFileType = sourcecode.swift; path = StudyAppUITests.swift; sourceTree = "<group>"; };
		D34BE76F2C9F163600A3A3CA /* StudyAppUITestsLaunchTests.swift */ = {isa = PBXFileReference; lastKnownFileType = sourcecode.swift; path = StudyAppUITestsLaunchTests.swift; sourceTree = "<group>"; };
		D34BE77D2C9F2CD800A3A3CA /* LaunchScreenView.swift */ = {isa = PBXFileReference; lastKnownFileType = sourcecode.swift; path = LaunchScreenView.swift; sourceTree = "<group>"; };
		D35B48852D32C04000AF3873 /* SignInView.swift */ = {isa = PBXFileReference; lastKnownFileType = sourcecode.swift; path = SignInView.swift; sourceTree = "<group>"; };
		D39362072CA99770002C368B /* SignUpView.swift */ = {isa = PBXFileReference; lastKnownFileType = sourcecode.swift; path = SignUpView.swift; sourceTree = "<group>"; };
		D39362092CA99E62002C368B /* OTPVerificationView.swift */ = {isa = PBXFileReference; lastKnownFileType = sourcecode.swift; path = OTPVerificationView.swift; sourceTree = "<group>"; };
		D3FDDE1E2CA92AFD00143D0D /* BackgroundImageView.swift */ = {isa = PBXFileReference; lastKnownFileType = sourcecode.swift; path = BackgroundImageView.swift; sourceTree = "<group>"; };
		D3FDDE202CA9771600143D0D /* OnboardUIModel.swift */ = {isa = PBXFileReference; lastKnownFileType = sourcecode.swift; path = OnboardUIModel.swift; sourceTree = "<group>"; };
/* End PBXFileReference section */

/* Begin PBXFileSystemSynchronizedRootGroup section */
		6162E7282DBC836B0012953F /* Navigation */ = {isa = PBXFileSystemSynchronizedRootGroup; explicitFileTypes = {}; explicitFolders = (); path = Navigation; sourceTree = "<group>"; };
/* End PBXFileSystemSynchronizedRootGroup section */

/* Begin PBXFrameworksBuildPhase section */
		D34BE74A2C9F163400A3A3CA /* Frameworks */ = {
			isa = PBXFrameworksBuildPhase;
			buildActionMask = 2147483647;
			files = (
			);
			runOnlyForDeploymentPostprocessing = 0;
		};
		D34BE75C2C9F163600A3A3CA /* Frameworks */ = {
			isa = PBXFrameworksBuildPhase;
			buildActionMask = 2147483647;
			files = (
			);
			runOnlyForDeploymentPostprocessing = 0;
		};
		D34BE7662C9F163600A3A3CA /* Frameworks */ = {
			isa = PBXFrameworksBuildPhase;
			buildActionMask = 2147483647;
			files = (
			);
			runOnlyForDeploymentPostprocessing = 0;
		};
/* End PBXFrameworksBuildPhase section */

/* Begin PBXGroup section */
		61357E242D997DFF0071C7AF /* Helpers */ = {
			isa = PBXGroup;
			children = (
				61357E252D997E150071C7AF /* Helpers.swift */,
			);
			path = Helpers;
			sourceTree = "<group>";
		};
		D32DFA432CA88150009B603E /* OnBoardingViews */ = {
			isa = PBXGroup;
			children = (
				D32DFA442CA881A8009B603E /* OnboardingView.swift */,
				D3FDDE202CA9771600143D0D /* OnboardUIModel.swift */,
			);
			path = OnBoardingViews;
			sourceTree = "<group>";
		};
		D34BE7442C9F163400A3A3CA = {
			isa = PBXGroup;
			children = (
				D34BE74F2C9F163400A3A3CA /* StudyApp */,
				D34BE7622C9F163600A3A3CA /* StudyAppTests */,
				D34BE76C2C9F163600A3A3CA /* StudyAppUITests */,
				D34BE74E2C9F163400A3A3CA /* Products */,
			);
			sourceTree = "<group>";
		};
		D34BE74E2C9F163400A3A3CA /* Products */ = {
			isa = PBXGroup;
			children = (
				D34BE74D2C9F163400A3A3CA /* StudyApp.app */,
				D34BE75F2C9F163600A3A3CA /* StudyAppTests.xctest */,
				D34BE7692C9F163600A3A3CA /* StudyAppUITests.xctest */,
			);
			name = Products;
			sourceTree = "<group>";
		};
		D34BE74F2C9F163400A3A3CA /* StudyApp */ = {
			isa = PBXGroup;
			children = (
				61357E242D997DFF0071C7AF /* Helpers */,
				D34BE7502C9F163400A3A3CA /* StudyAppApp.swift */,
				D34BE7522C9F163400A3A3CA /* ContentView.swift */,
				6162E7282DBC836B0012953F /* Navigation */,
				D34BE77C2C9F209000A3A3CA /* LaunchScreenView */,
				D32DFA432CA88150009B603E /* OnBoardingViews */,
				D39362062CA99760002C368B /* SignUpView */,
				D34BE7562C9F163600A3A3CA /* Assets.xcassets */,
				D34BE7582C9F163600A3A3CA /* Preview Content */,
			);
			path = StudyApp;
			sourceTree = "<group>";
		};
		D34BE7582C9F163600A3A3CA /* Preview Content */ = {
			isa = PBXGroup;
			children = (
				D34BE7592C9F163600A3A3CA /* Preview Assets.xcassets */,
			);
			path = "Preview Content";
			sourceTree = "<group>";
		};
		D34BE7622C9F163600A3A3CA /* StudyAppTests */ = {
			isa = PBXGroup;
			children = (
				D34BE7632C9F163600A3A3CA /* StudyAppTests.swift */,
			);
			path = StudyAppTests;
			sourceTree = "<group>";
		};
		D34BE76C2C9F163600A3A3CA /* StudyAppUITests */ = {
			isa = PBXGroup;
			children = (
				D34BE76D2C9F163600A3A3CA /* StudyAppUITests.swift */,
				D34BE76F2C9F163600A3A3CA /* StudyAppUITestsLaunchTests.swift */,
			);
			path = StudyAppUITests;
			sourceTree = "<group>";
		};
		D34BE77C2C9F209000A3A3CA /* LaunchScreenView */ = {
			isa = PBXGroup;
			children = (
				D34BE77D2C9F2CD800A3A3CA /* LaunchScreenView.swift */,
				D3FDDE1E2CA92AFD00143D0D /* BackgroundImageView.swift */,
				D32DFA4A2CA88235009B603E /* TopIcon_Title.swift */,
			);
			path = LaunchScreenView;
			sourceTree = "<group>";
		};
		D39362062CA99760002C368B /* SignUpView */ = {
			isa = PBXGroup;
			children = (
				D39362072CA99770002C368B /* SignUpView.swift */,
				D39362092CA99E62002C368B /* OTPVerificationView.swift */,
				61C8846C2D8FF66D00D566FC /* Item.swift */,
				D35B48852D32C04000AF3873 /* SignInView.swift */,
				61252D2D2D98E5E70052B8CA /* GridView.swift */,
				61FEC0EE2DAD755C00535FB1 /* SheetView.swift */,
				61BE27132DB3748D0000DB49 /* GenericBottomSheetView.swift */,
				6169B34F2DB94DA20075AE28 /* DatePickerView.swift */,
				61BC6E172DC3E7D7005EFFD9 /* DatePickerView 2.swift */,
			);
			path = SignUpView;
			sourceTree = "<group>";
		};
/* End PBXGroup section */

/* Begin PBXNativeTarget section */
		D34BE74C2C9F163400A3A3CA /* StudyApp */ = {
			isa = PBXNativeTarget;
			buildConfigurationList = D34BE7732C9F163600A3A3CA /* Build configuration list for PBXNativeTarget "StudyApp" */;
			buildPhases = (
				D34BE7492C9F163400A3A3CA /* Sources */,
				D34BE74A2C9F163400A3A3CA /* Frameworks */,
				D34BE74B2C9F163400A3A3CA /* Resources */,
			);
			buildRules = (
			);
			dependencies = (
			);
			fileSystemSynchronizedGroups = (
				6162E7282DBC836B0012953F /* Navigation */,
			);
			name = StudyApp;
			productName = StudyApp;
			productReference = D34BE74D2C9F163400A3A3CA /* StudyApp.app */;
			productType = "com.apple.product-type.application";
		};
		D34BE75E2C9F163600A3A3CA /* StudyAppTests */ = {
			isa = PBXNativeTarget;
			buildConfigurationList = D34BE7762C9F163600A3A3CA /* Build configuration list for PBXNativeTarget "StudyAppTests" */;
			buildPhases = (
				D34BE75B2C9F163600A3A3CA /* Sources */,
				D34BE75C2C9F163600A3A3CA /* Frameworks */,
				D34BE75D2C9F163600A3A3CA /* Resources */,
			);
			buildRules = (
			);
			dependencies = (
				D34BE7612C9F163600A3A3CA /* PBXTargetDependency */,
			);
			name = StudyAppTests;
			productName = StudyAppTests;
			productReference = D34BE75F2C9F163600A3A3CA /* StudyAppTests.xctest */;
			productType = "com.apple.product-type.bundle.unit-test";
		};
		D34BE7682C9F163600A3A3CA /* StudyAppUITests */ = {
			isa = PBXNativeTarget;
			buildConfigurationList = D34BE7792C9F163600A3A3CA /* Build configuration list for PBXNativeTarget "StudyAppUITests" */;
			buildPhases = (
				D34BE7652C9F163600A3A3CA /* Sources */,
				D34BE7662C9F163600A3A3CA /* Frameworks */,
				D34BE7672C9F163600A3A3CA /* Resources */,
			);
			buildRules = (
			);
			dependencies = (
				D34BE76B2C9F163600A3A3CA /* PBXTargetDependency */,
			);
			name = StudyAppUITests;
			productName = StudyAppUITests;
			productReference = D34BE7692C9F163600A3A3CA /* StudyAppUITests.xctest */;
			productType = "com.apple.product-type.bundle.ui-testing";
		};
/* End PBXNativeTarget section */

/* Begin PBXProject section */
		D34BE7452C9F163400A3A3CA /* Project object */ = {
			isa = PBXProject;
			attributes = {
				BuildIndependentTargetsInParallel = 1;
				LastSwiftUpdateCheck = 1600;
				LastUpgradeCheck = 1600;
				TargetAttributes = {
					D34BE74C2C9F163400A3A3CA = {
						CreatedOnToolsVersion = 16.0;
					};
					D34BE75E2C9F163600A3A3CA = {
						CreatedOnToolsVersion = 16.0;
						TestTargetID = D34BE74C2C9F163400A3A3CA;
					};
					D34BE7682C9F163600A3A3CA = {
						CreatedOnToolsVersion = 16.0;
						TestTargetID = D34BE74C2C9F163400A3A3CA;
					};
				};
			};
			buildConfigurationList = D34BE7482C9F163400A3A3CA /* Build configuration list for PBXProject "StudyApp" */;
			compatibilityVersion = "Xcode 15.0";
			developmentRegion = en;
			hasScannedForEncodings = 0;
			knownRegions = (
				en,
				Base,
			);
			mainGroup = D34BE7442C9F163400A3A3CA;
			productRefGroup = D34BE74E2C9F163400A3A3CA /* Products */;
			projectDirPath = "";
			projectRoot = "";
			targets = (
				D34BE74C2C9F163400A3A3CA /* StudyApp */,
				D34BE75E2C9F163600A3A3CA /* StudyAppTests */,
				D34BE7682C9F163600A3A3CA /* StudyAppUITests */,
			);
		};
/* End PBXProject section */

/* Begin PBXResourcesBuildPhase section */
		D34BE74B2C9F163400A3A3CA /* Resources */ = {
			isa = PBXResourcesBuildPhase;
			buildActionMask = 2147483647;
			files = (
				D34BE75A2C9F163600A3A3CA /* Preview Assets.xcassets in Resources */,
				D34BE7572C9F163600A3A3CA /* Assets.xcassets in Resources */,
			);
			runOnlyForDeploymentPostprocessing = 0;
		};
		D34BE75D2C9F163600A3A3CA /* Resources */ = {
			isa = PBXResourcesBuildPhase;
			buildActionMask = 2147483647;
			files = (
			);
			runOnlyForDeploymentPostprocessing = 0;
		};
		D34BE7672C9F163600A3A3CA /* Resources */ = {
			isa = PBXResourcesBuildPhase;
			buildActionMask = 2147483647;
			files = (
			);
			runOnlyForDeploymentPostprocessing = 0;
		};
/* End PBXResourcesBuildPhase section */

/* Begin PBXSourcesBuildPhase section */
		D34BE7492C9F163400A3A3CA /* Sources */ = {
			isa = PBXSourcesBuildPhase;
			buildActionMask = 2147483647;
			files = (
				D34BE7532C9F163400A3A3CA /* ContentView.swift in Sources */,
				D32DFA452CA881A8009B603E /* OnboardingView.swift in Sources */,
				D3FDDE1F2CA92AFD00143D0D /* BackgroundImageView.swift in Sources */,
				61BE27142DB3748D0000DB49 /* GenericBottomSheetView.swift in Sources */,
				61BC6E182DC3E7D7005EFFD9 /* DatePickerView 2.swift in Sources */,
				D34BE77E2C9F2CD800A3A3CA /* LaunchScreenView.swift in Sources */,
				D3FDDE212CA9771600143D0D /* OnboardUIModel.swift in Sources */,
				6169B3502DB94DA20075AE28 /* DatePickerView.swift in Sources */,
				D393620A2CA99E62002C368B /* OTPVerificationView.swift in Sources */,
				61C8846D2D8FF66D00D566FC /* Item.swift in Sources */,
				D32DFA4B2CA88235009B603E /* TopIcon_Title.swift in Sources */,
				61FEC0EF2DAD755C00535FB1 /* SheetView.swift in Sources */,
				D39362082CA99770002C368B /* SignUpView.swift in Sources */,
				D35B48862D32C04000AF3873 /* SignInView.swift in Sources */,
				61357E262D997E150071C7AF /* Helpers.swift in Sources */,
				61252D2E2D98E5E70052B8CA /* GridView.swift in Sources */,
				D34BE7512C9F163400A3A3CA /* StudyAppApp.swift in Sources */,
			);
			runOnlyForDeploymentPostprocessing = 0;
		};
		D34BE75B2C9F163600A3A3CA /* Sources */ = {
			isa = PBXSourcesBuildPhase;
			buildActionMask = 2147483647;
			files = (
				D34BE7642C9F163600A3A3CA /* StudyAppTests.swift in Sources */,
			);
			runOnlyForDeploymentPostprocessing = 0;
		};
		D34BE7652C9F163600A3A3CA /* Sources */ = {
			isa = PBXSourcesBuildPhase;
			buildActionMask = 2147483647;
			files = (
				D34BE7702C9F163600A3A3CA /* StudyAppUITestsLaunchTests.swift in Sources */,
				D34BE76E2C9F163600A3A3CA /* StudyAppUITests.swift in Sources */,
			);
			runOnlyForDeploymentPostprocessing = 0;
		};
/* End PBXSourcesBuildPhase section */

/* Begin PBXTargetDependency section */
		D34BE7612C9F163600A3A3CA /* PBXTargetDependency */ = {
			isa = PBXTargetDependency;
			target = D34BE74C2C9F163400A3A3CA /* StudyApp */;
			targetProxy = D34BE7602C9F163600A3A3CA /* PBXContainerItemProxy */;
		};
		D34BE76B2C9F163600A3A3CA /* PBXTargetDependency */ = {
			isa = PBXTargetDependency;
			target = D34BE74C2C9F163400A3A3CA /* StudyApp */;
			targetProxy = D34BE76A2C9F163600A3A3CA /* PBXContainerItemProxy */;
		};
/* End PBXTargetDependency section */

/* Begin XCBuildConfiguration section */
		D34BE7712C9F163600A3A3CA /* Debug */ = {
			isa = XCBuildConfiguration;
			buildSettings = {
				ALWAYS_SEARCH_USER_PATHS = NO;
				ASSETCATALOG_COMPILER_GENERATE_SWIFT_ASSET_SYMBOL_EXTENSIONS = YES;
				CLANG_ANALYZER_NONNULL = YES;
				CLANG_ANALYZER_NUMBER_OBJECT_CONVERSION = YES_AGGRESSIVE;
				CLANG_CXX_LANGUAGE_STANDARD = "gnu++20";
				CLANG_ENABLE_MODULES = YES;
				CLANG_ENABLE_OBJC_ARC = YES;
				CLANG_ENABLE_OBJC_WEAK = YES;
				CLANG_WARN_BLOCK_CAPTURE_AUTORELEASING = YES;
				CLANG_WARN_BOOL_CONVERSION = YES;
				CLANG_WARN_COMMA = YES;
				CLANG_WARN_CONSTANT_CONVERSION = YES;
				CLANG_WARN_DEPRECATED_OBJC_IMPLEMENTATIONS = YES;
				CLANG_WARN_DIRECT_OBJC_ISA_USAGE = YES_ERROR;
				CLANG_WARN_DOCUMENTATION_COMMENTS = YES;
				CLANG_WARN_EMPTY_BODY = YES;
				CLANG_WARN_ENUM_CONVERSION = YES;
				CLANG_WARN_INFINITE_RECURSION = YES;
				CLANG_WARN_INT_CONVERSION = YES;
				CLANG_WARN_NON_LITERAL_NULL_CONVERSION = YES;
				CLANG_WARN_OBJC_IMPLICIT_RETAIN_SELF = YES;
				CLANG_WARN_OBJC_LITERAL_CONVERSION = YES;
				CLANG_WARN_OBJC_ROOT_CLASS = YES_ERROR;
				CLANG_WARN_QUOTED_INCLUDE_IN_FRAMEWORK_HEADER = YES;
				CLANG_WARN_RANGE_LOOP_ANALYSIS = YES;
				CLANG_WARN_STRICT_PROTOTYPES = YES;
				CLANG_WARN_SUSPICIOUS_MOVE = YES;
				CLANG_WARN_UNGUARDED_AVAILABILITY = YES_AGGRESSIVE;
				CLANG_WARN_UNREACHABLE_CODE = YES;
				CLANG_WARN__DUPLICATE_METHOD_MATCH = YES;
				COPY_PHASE_STRIP = NO;
				DEBUG_INFORMATION_FORMAT = dwarf;
				ENABLE_STRICT_OBJC_MSGSEND = YES;
				ENABLE_TESTABILITY = YES;
				ENABLE_USER_SCRIPT_SANDBOXING = YES;
				GCC_C_LANGUAGE_STANDARD = gnu17;
				GCC_DYNAMIC_NO_PIC = NO;
				GCC_NO_COMMON_BLOCKS = YES;
				GCC_OPTIMIZATION_LEVEL = 0;
				GCC_PREPROCESSOR_DEFINITIONS = (
					"DEBUG=1",
					"$(inherited)",
				);
				GCC_WARN_64_TO_32_BIT_CONVERSION = YES;
				GCC_WARN_ABOUT_RETURN_TYPE = YES_ERROR;
				GCC_WARN_UNDECLARED_SELECTOR = YES;
				GCC_WARN_UNINITIALIZED_AUTOS = YES_AGGRESSIVE;
				GCC_WARN_UNUSED_FUNCTION = YES;
				GCC_WARN_UNUSED_VARIABLE = YES;
				IPHONEOS_DEPLOYMENT_TARGET = 18.0;
				LOCALIZATION_PREFERS_STRING_CATALOGS = YES;
				MTL_ENABLE_DEBUG_INFO = INCLUDE_SOURCE;
				MTL_FAST_MATH = YES;
				ONLY_ACTIVE_ARCH = YES;
				SDKROOT = iphoneos;
				SWIFT_ACTIVE_COMPILATION_CONDITIONS = "DEBUG $(inherited)";
				SWIFT_OPTIMIZATION_LEVEL = "-Onone";
			};
			name = Debug;
		};
		D34BE7722C9F163600A3A3CA /* Release */ = {
			isa = XCBuildConfiguration;
			buildSettings = {
				ALWAYS_SEARCH_USER_PATHS = NO;
				ASSETCATALOG_COMPILER_GENERATE_SWIFT_ASSET_SYMBOL_EXTENSIONS = YES;
				CLANG_ANALYZER_NONNULL = YES;
				CLANG_ANALYZER_NUMBER_OBJECT_CONVERSION = YES_AGGRESSIVE;
				CLANG_CXX_LANGUAGE_STANDARD = "gnu++20";
				CLANG_ENABLE_MODULES = YES;
				CLANG_ENABLE_OBJC_ARC = YES;
				CLANG_ENABLE_OBJC_WEAK = YES;
				CLANG_WARN_BLOCK_CAPTURE_AUTORELEASING = YES;
				CLANG_WARN_BOOL_CONVERSION = YES;
				CLANG_WARN_COMMA = YES;
				CLANG_WARN_CONSTANT_CONVERSION = YES;
				CLANG_WARN_DEPRECATED_OBJC_IMPLEMENTATIONS = YES;
				CLANG_WARN_DIRECT_OBJC_ISA_USAGE = YES_ERROR;
				CLANG_WARN_DOCUMENTATION_COMMENTS = YES;
				CLANG_WARN_EMPTY_BODY = YES;
				CLANG_WARN_ENUM_CONVERSION = YES;
				CLANG_WARN_INFINITE_RECURSION = YES;
				CLANG_WARN_INT_CONVERSION = YES;
				CLANG_WARN_NON_LITERAL_NULL_CONVERSION = YES;
				CLANG_WARN_OBJC_IMPLICIT_RETAIN_SELF = YES;
				CLANG_WARN_OBJC_LITERAL_CONVERSION = YES;
				CLANG_WARN_OBJC_ROOT_CLASS = YES_ERROR;
				CLANG_WARN_QUOTED_INCLUDE_IN_FRAMEWORK_HEADER = YES;
				CLANG_WARN_RANGE_LOOP_ANALYSIS = YES;
				CLANG_WARN_STRICT_PROTOTYPES = YES;
				CLANG_WARN_SUSPICIOUS_MOVE = YES;
				CLANG_WARN_UNGUARDED_AVAILABILITY = YES_AGGRESSIVE;
				CLANG_WARN_UNREACHABLE_CODE = YES;
				CLANG_WARN__DUPLICATE_METHOD_MATCH = YES;
				COPY_PHASE_STRIP = NO;
				DEBUG_INFORMATION_FORMAT = "dwarf-with-dsym";
				ENABLE_NS_ASSERTIONS = NO;
				ENABLE_STRICT_OBJC_MSGSEND = YES;
				ENABLE_USER_SCRIPT_SANDBOXING = YES;
				GCC_C_LANGUAGE_STANDARD = gnu17;
				GCC_NO_COMMON_BLOCKS = YES;
				GCC_WARN_64_TO_32_BIT_CONVERSION = YES;
				GCC_WARN_ABOUT_RETURN_TYPE = YES_ERROR;
				GCC_WARN_UNDECLARED_SELECTOR = YES;
				GCC_WARN_UNINITIALIZED_AUTOS = YES_AGGRESSIVE;
				GCC_WARN_UNUSED_FUNCTION = YES;
				GCC_WARN_UNUSED_VARIABLE = YES;
				IPHONEOS_DEPLOYMENT_TARGET = 18.0;
				LOCALIZATION_PREFERS_STRING_CATALOGS = YES;
				MTL_ENABLE_DEBUG_INFO = NO;
				MTL_FAST_MATH = YES;
				SDKROOT = iphoneos;
				SWIFT_COMPILATION_MODE = wholemodule;
				VALIDATE_PRODUCT = YES;
			};
			name = Release;
		};
		D34BE7742C9F163600A3A3CA /* Debug */ = {
			isa = XCBuildConfiguration;
			buildSettings = {
				ASSETCATALOG_COMPILER_APPICON_NAME = AppIcon;
				ASSETCATALOG_COMPILER_GLOBAL_ACCENT_COLOR_NAME = AccentColor;
				CODE_SIGN_STYLE = Automatic;
				CURRENT_PROJECT_VERSION = 1;
				DEVELOPMENT_ASSET_PATHS = "\"StudyApp/Preview Content\"";
				DEVELOPMENT_TEAM = 4TTDUWKTNV;
				ENABLE_PREVIEWS = YES;
				GENERATE_INFOPLIST_FILE = YES;
				INFOPLIST_KEY_UIApplicationSceneManifest_Generation = YES;
				INFOPLIST_KEY_UIApplicationSupportsIndirectInputEvents = YES;
				INFOPLIST_KEY_UILaunchScreen_Generation = YES;
				INFOPLIST_KEY_UISupportedInterfaceOrientations_iPad = "UIInterfaceOrientationPortrait UIInterfaceOrientationPortraitUpsideDown UIInterfaceOrientationLandscapeLeft UIInterfaceOrientationLandscapeRight";
				INFOPLIST_KEY_UISupportedInterfaceOrientations_iPhone = "UIInterfaceOrientationPortrait UIInterfaceOrientationLandscapeLeft UIInterfaceOrientationLandscapeRight";
				LD_RUNPATH_SEARCH_PATHS = (
					"$(inherited)",
					"@executable_path/Frameworks",
				);
				MARKETING_VERSION = 1.0;
				PRODUCT_BUNDLE_IDENTIFIER = com.rajeshmani.StudyApp;
				PRODUCT_NAME = "$(TARGET_NAME)";
				SWIFT_EMIT_LOC_STRINGS = YES;
				SWIFT_VERSION = 5.0;
				TARGETED_DEVICE_FAMILY = "1,2";
			};
			name = Debug;
		};
		D34BE7752C9F163600A3A3CA /* Release */ = {
			isa = XCBuildConfiguration;
			buildSettings = {
				ASSETCATALOG_COMPILER_APPICON_NAME = AppIcon;
				ASSETCATALOG_COMPILER_GLOBAL_ACCENT_COLOR_NAME = AccentColor;
				CODE_SIGN_STYLE = Automatic;
				CURRENT_PROJECT_VERSION = 1;
				DEVELOPMENT_ASSET_PATHS = "\"StudyApp/Preview Content\"";
				DEVELOPMENT_TEAM = 4TTDUWKTNV;
				ENABLE_PREVIEWS = YES;
				GENERATE_INFOPLIST_FILE = YES;
				INFOPLIST_KEY_UIApplicationSceneManifest_Generation = YES;
				INFOPLIST_KEY_UIApplicationSupportsIndirectInputEvents = YES;
				INFOPLIST_KEY_UILaunchScreen_Generation = YES;
				INFOPLIST_KEY_UISupportedInterfaceOrientations_iPad = "UIInterfaceOrientationPortrait UIInterfaceOrientationPortraitUpsideDown UIInterfaceOrientationLandscapeLeft UIInterfaceOrientationLandscapeRight";
				INFOPLIST_KEY_UISupportedInterfaceOrientations_iPhone = "UIInterfaceOrientationPortrait UIInterfaceOrientationLandscapeLeft UIInterfaceOrientationLandscapeRight";
				LD_RUNPATH_SEARCH_PATHS = (
					"$(inherited)",
					"@executable_path/Frameworks",
				);
				MARKETING_VERSION = 1.0;
				PRODUCT_BUNDLE_IDENTIFIER = com.rajeshmani.StudyApp;
				PRODUCT_NAME = "$(TARGET_NAME)";
				SWIFT_EMIT_LOC_STRINGS = YES;
				SWIFT_VERSION = 5.0;
				TARGETED_DEVICE_FAMILY = "1,2";
			};
			name = Release;
		};
		D34BE7772C9F163600A3A3CA /* Debug */ = {
			isa = XCBuildConfiguration;
			buildSettings = {
				BUNDLE_LOADER = "$(TEST_HOST)";
				CODE_SIGN_STYLE = Automatic;
				CURRENT_PROJECT_VERSION = 1;
				DEVELOPMENT_TEAM = 4TTDUWKTNV;
				GENERATE_INFOPLIST_FILE = YES;
				IPHONEOS_DEPLOYMENT_TARGET = 18.0;
				MARKETING_VERSION = 1.0;
				PRODUCT_BUNDLE_IDENTIFIER = com.rajeshmani.StudyAppTests;
				PRODUCT_NAME = "$(TARGET_NAME)";
				SWIFT_EMIT_LOC_STRINGS = NO;
				SWIFT_VERSION = 5.0;
				TARGETED_DEVICE_FAMILY = "1,2";
				TEST_HOST = "$(BUILT_PRODUCTS_DIR)/StudyApp.app/$(BUNDLE_EXECUTABLE_FOLDER_PATH)/StudyApp";
			};
			name = Debug;
		};
		D34BE7782C9F163600A3A3CA /* Release */ = {
			isa = XCBuildConfiguration;
			buildSettings = {
				BUNDLE_LOADER = "$(TEST_HOST)";
				CODE_SIGN_STYLE = Automatic;
				CURRENT_PROJECT_VERSION = 1;
				DEVELOPMENT_TEAM = 4TTDUWKTNV;
				GENERATE_INFOPLIST_FILE = YES;
				IPHONEOS_DEPLOYMENT_TARGET = 18.0;
				MARKETING_VERSION = 1.0;
				PRODUCT_BUNDLE_IDENTIFIER = com.rajeshmani.StudyAppTests;
				PRODUCT_NAME = "$(TARGET_NAME)";
				SWIFT_EMIT_LOC_STRINGS = NO;
				SWIFT_VERSION = 5.0;
				TARGETED_DEVICE_FAMILY = "1,2";
				TEST_HOST = "$(BUILT_PRODUCTS_DIR)/StudyApp.app/$(BUNDLE_EXECUTABLE_FOLDER_PATH)/StudyApp";
			};
			name = Release;
		};
		D34BE77A2C9F163600A3A3CA /* Debug */ = {
			isa = XCBuildConfiguration;
			buildSettings = {
				CODE_SIGN_STYLE = Automatic;
				CURRENT_PROJECT_VERSION = 1;
				DEVELOPMENT_TEAM = 4TTDUWKTNV;
				GENERATE_INFOPLIST_FILE = YES;
				MARKETING_VERSION = 1.0;
				PRODUCT_BUNDLE_IDENTIFIER = com.rajeshmani.StudyAppUITests;
				PRODUCT_NAME = "$(TARGET_NAME)";
				SWIFT_EMIT_LOC_STRINGS = NO;
				SWIFT_VERSION = 5.0;
				TARGETED_DEVICE_FAMILY = "1,2";
				TEST_TARGET_NAME = StudyApp;
			};
			name = Debug;
		};
		D34BE77B2C9F163600A3A3CA /* Release */ = {
			isa = XCBuildConfiguration;
			buildSettings = {
				CODE_SIGN_STYLE = Automatic;
				CURRENT_PROJECT_VERSION = 1;
				DEVELOPMENT_TEAM = 4TTDUWKTNV;
				GENERATE_INFOPLIST_FILE = YES;
				MARKETING_VERSION = 1.0;
				PRODUCT_BUNDLE_IDENTIFIER = com.rajeshmani.StudyAppUITests;
				PRODUCT_NAME = "$(TARGET_NAME)";
				SWIFT_EMIT_LOC_STRINGS = NO;
				SWIFT_VERSION = 5.0;
				TARGETED_DEVICE_FAMILY = "1,2";
				TEST_TARGET_NAME = StudyApp;
			};
			name = Release;
		};
/* End XCBuildConfiguration section */

/* Begin XCConfigurationList section */
		D34BE7482C9F163400A3A3CA /* Build configuration list for PBXProject "StudyApp" */ = {
			isa = XCConfigurationList;
			buildConfigurations = (
				D34BE7712C9F163600A3A3CA /* Debug */,
				D34BE7722C9F163600A3A3CA /* Release */,
			);
			defaultConfigurationIsVisible = 0;
			defaultConfigurationName = Release;
		};
		D34BE7732C9F163600A3A3CA /* Build configuration list for PBXNativeTarget "StudyApp" */ = {
			isa = XCConfigurationList;
			buildConfigurations = (
				D34BE7742C9F163600A3A3CA /* Debug */,
				D34BE7752C9F163600A3A3CA /* Release */,
			);
			defaultConfigurationIsVisible = 0;
			defaultConfigurationName = Release;
		};
		D34BE7762C9F163600A3A3CA /* Build configuration list for PBXNativeTarget "StudyAppTests" */ = {
			isa = XCConfigurationList;
			buildConfigurations = (
				D34BE7772C9F163600A3A3CA /* Debug */,
				D34BE7782C9F163600A3A3CA /* Release */,
			);
			defaultConfigurationIsVisible = 0;
			defaultConfigurationName = Release;
		};
		D34BE7792C9F163600A3A3CA /* Build configuration list for PBXNativeTarget "StudyAppUITests" */ = {
			isa = XCConfigurationList;
			buildConfigurations = (
				D34BE77A2C9F163600A3A3CA /* Debug */,
				D34BE77B2C9F163600A3A3CA /* Release */,
			);
			defaultConfigurationIsVisible = 0;
			defaultConfigurationName = Release;
		};
/* End XCConfigurationList section */
	};
	rootObject = D34BE7452C9F163400A3A3CA /* Project object */;
}
