// !$*UTF8*$!
{
	archiveVersion = 1;
	classes = {
	};
	objectVersion = 70;
	objects = {

/* Begin PBXBuildFile section */
		6110EEDF2EAB75E9004E5471 /* TermsAndConditionsView.swift in Sources */ = {isa = PBXBuildFile; fileRef = 6110EEDE2EAB75E9004E5471 /* TermsAndConditionsView.swift */; };
		6110EEE12EAB7754004E5471 /* DataPolicyView.swift in Sources */ = {isa = PBXBuildFile; fileRef = 6110EEE02EAB7754004E5471 /* DataPolicyView.swift */; };
		6113C3E92EA974B700A0B639 /* Extensions.swift in Sources */ = {isa = PBXBuildFile; fileRef = 6113C3E82EA974B700A0B639 /* Extensions.swift */; };
		6113C3EB2EA97C8800A0B639 /* NotificationsVieww.swift in Sources */ = {isa = PBXBuildFile; fileRef = 6113C3EA2EA97C8800A0B639 /* NotificationsVieww.swift */; };
		6113C4092EA983F400A0B639 /* LanguageModel.swift in Sources */ = {isa = PBXBuildFile; fileRef = 6113C4082EA983F400A0B639 /* LanguageModel.swift */; };
		6113C40B2EA9843D00A0B639 /* ChooseLanguageView.swift in Sources */ = {isa = PBXBuildFile; fileRef = 6113C40A2EA9843D00A0B639 /* ChooseLanguageView.swift */; };
		6113C40F2EA9864D00A0B639 /* NavigationRouter+AppCoordinator_Example.swift in Sources */ = {isa = PBXBuildFile; fileRef = 6113C40D2EA9864D00A0B639 /* NavigationRouter+AppCoordinator_Example.swift */; };
		6113E72C2E71C61200048063 /* StudentDashboardView.swift in Sources */ = {isa = PBXBuildFile; fileRef = 6113E72B2E71C61100048063 /* StudentDashboardView.swift */; };
		61252D2E2D98E5E70052B8CA /* GridView_Example.swift in Sources */ = {isa = PBXBuildFile; fileRef = 61252D2D2D98E5E70052B8CA /* GridView_Example.swift */; };
		612A60862EC2D08A00C4D37D /* ForgotPasswordView.swift in Sources */ = {isa = PBXBuildFile; fileRef = 612A60852EC2D08A00C4D37D /* ForgotPasswordView.swift */; };
		612A60882EC2D5CB00C4D37D /* ResetPasswordView.swift in Sources */ = {isa = PBXBuildFile; fileRef = 612A60872EC2D5CB00C4D37D /* ResetPasswordView.swift */; };
		61357E262D997E150071C7AF /* Helpers.swift in Sources */ = {isa = PBXBuildFile; fileRef = 61357E252D997E150071C7AF /* Helpers.swift */; };
		614E72B02EAB037A00E2D448 /* Router.swift in Sources */ = {isa = PBXBuildFile; fileRef = 614E72AF2EAB037A00E2D448 /* Router.swift */; };
		614E72B22EAB03AE00E2D448 /* AppCoordinatorView.swift in Sources */ = {isa = PBXBuildFile; fileRef = 614E72B12EAB03AE00E2D448 /* AppCoordinatorView.swift */; };
		614E72B42EAB048A00E2D448 /* AuthFlowView.swift in Sources */ = {isa = PBXBuildFile; fileRef = 614E72B32EAB048A00E2D448 /* AuthFlowView.swift */; };
		614E72B62EAB357500E2D448 /* MainFlowView.swift in Sources */ = {isa = PBXBuildFile; fileRef = 614E72B52EAB357500E2D448 /* MainFlowView.swift */; };
		6159CEEC2EAE417100AD6119 /* AboutUsView.swift in Sources */ = {isa = PBXBuildFile; fileRef = 6159CEEB2EAE417100AD6119 /* AboutUsView.swift */; };
		6159CEEE2EAE551B00AD6119 /* AssignmentsListView.swift in Sources */ = {isa = PBXBuildFile; fileRef = 6159CEED2EAE551B00AD6119 /* AssignmentsListView.swift */; };
		6159CEF02EAE555400AD6119 /* AssignmentModel.swift in Sources */ = {isa = PBXBuildFile; fileRef = 6159CEEF2EAE555400AD6119 /* AssignmentModel.swift */; };
		6159CEF22EAE559D00AD6119 /* AssignmentContainerView.swift in Sources */ = {isa = PBXBuildFile; fileRef = 6159CEF12EAE559D00AD6119 /* AssignmentContainerView.swift */; };
		615A76F32DC66146008F30E3 /* ReusableRow.swift in Sources */ = {isa = PBXBuildFile; fileRef = 615A76F22DC66146008F30E3 /* ReusableRow.swift */; };
		615A76F52DC66193008F30E3 /* ListView.swift in Sources */ = {isa = PBXBuildFile; fileRef = 615A76F42DC66193008F30E3 /* ListView.swift */; };
		615A76F72DC66F3F008F30E3 /* AppTheme.swift in Sources */ = {isa = PBXBuildFile; fileRef = 615A76F62DC66F3F008F30E3 /* AppTheme.swift */; };
		6160AD362E9E92DA001C4899 /* SettingsHomeView.swift in Sources */ = {isa = PBXBuildFile; fileRef = 6160AD342E9E92DA001C4899 /* SettingsHomeView.swift */; };
		6160AD482E9FF914001C4899 /* ProfileViewModel.swift in Sources */ = {isa = PBXBuildFile; fileRef = 6160AD472E9FF914001C4899 /* ProfileViewModel.swift */; };
		6160AD4A2E9FF920001C4899 /* UserProfile.swift in Sources */ = {isa = PBXBuildFile; fileRef = 6160AD492E9FF920001C4899 /* UserProfile.swift */; };
		6160AD502E9FF97F001C4899 /* ProfilePageView.swift in Sources */ = {isa = PBXBuildFile; fileRef = 6160AD4F2E9FF97F001C4899 /* ProfilePageView.swift */; };
		6164E5102EABF5A100D0FBE6 /* CreateProfileView.swift in Sources */ = {isa = PBXBuildFile; fileRef = 6164E50F2EABF5A100D0FBE6 /* CreateProfileView.swift */; };
		6164E5122EABF70800D0FBE6 /* ChooseTopicInterestView.swift in Sources */ = {isa = PBXBuildFile; fileRef = 6164E5112EABF70800D0FBE6 /* ChooseTopicInterestView.swift */; };
		6164E5142EABF77100D0FBE6 /* NotificationPermissionView.swift in Sources */ = {isa = PBXBuildFile; fileRef = 6164E5132EABF77100D0FBE6 /* NotificationPermissionView.swift */; };
		6164E5182EABF84300D0FBE6 /* OnboardingTabView.swift in Sources */ = {isa = PBXBuildFile; fileRef = 6164E5172EABF84300D0FBE6 /* OnboardingTabView.swift */; };
		6169B3502DB94DA20075AE28 /* DatePickerView.swift in Sources */ = {isa = PBXBuildFile; fileRef = 6169B34F2DB94DA20075AE28 /* DatePickerView.swift */; };
		617D7ADB2EB27C180034150D /* FilterBottomSheet.swift in Sources */ = {isa = PBXBuildFile; fileRef = 617D7ADA2EB27C180034150D /* FilterBottomSheet.swift */; };
		617D7ADF2EB281700034150D /* TaskDetailView.swift in Sources */ = {isa = PBXBuildFile; fileRef = 617D7ADE2EB281700034150D /* TaskDetailView.swift */; };
		61879BA52EA4E37C00901114 /* PopupView.swift in Sources */ = {isa = PBXBuildFile; fileRef = 61879BA42EA4E37C00901114 /* PopupView.swift */; };
		61879BA72EA4FF5500901114 /* PopupManager.swift in Sources */ = {isa = PBXBuildFile; fileRef = 61879BA62EA4FF5500901114 /* PopupManager.swift */; };
		61879BA92EA517E900901114 /* TextEditorWithCompletion.swift in Sources */ = {isa = PBXBuildFile; fileRef = 61879BA82EA517E900901114 /* TextEditorWithCompletion.swift */; };
		61879BAB2EA5207000901114 /* AppButton.swift in Sources */ = {isa = PBXBuildFile; fileRef = 61879BAA2EA5207000901114 /* AppButton.swift */; };
		61879BAD2EA5569400901114 /* AccountView.swift in Sources */ = {isa = PBXBuildFile; fileRef = 61879BAC2EA5569400901114 /* AccountView.swift */; };
		618C326A2EC3A3780079ACF1 /* CoursesView.swift in Sources */ = {isa = PBXBuildFile; fileRef = 618C32692EC3A3780079ACF1 /* CoursesView.swift */; };
		618C326C2EC3A3810079ACF1 /* CourseDetailsView.swift in Sources */ = {isa = PBXBuildFile; fileRef = 618C326B2EC3A3810079ACF1 /* CourseDetailsView.swift */; };
		618C326E2EC3A3920079ACF1 /* MyCourseView.swift in Sources */ = {isa = PBXBuildFile; fileRef = 618C326D2EC3A3920079ACF1 /* MyCourseView.swift */; };
		618C32712EC3A3AC0079ACF1 /* SubjectsView.swift in Sources */ = {isa = PBXBuildFile; fileRef = 618C32702EC3A3AC0079ACF1 /* SubjectsView.swift */; };
		618C32732EC3A3CE0079ACF1 /* SubjectDetailsView.swift in Sources */ = {isa = PBXBuildFile; fileRef = 618C32722EC3A3CE0079ACF1 /* SubjectDetailsView.swift */; };
		618C32762EC3A4130079ACF1 /* MyClassView.swift in Sources */ = {isa = PBXBuildFile; fileRef = 618C32752EC3A4130079ACF1 /* MyClassView.swift */; };
		618C32782EC3A44D0079ACF1 /* PresenceView.swift in Sources */ = {isa = PBXBuildFile; fileRef = 618C32772EC3A44D0079ACF1 /* PresenceView.swift */; };
		618C327A2EC3A4590079ACF1 /* NotificationsView.swift in Sources */ = {isa = PBXBuildFile; fileRef = 618C32792EC3A4590079ACF1 /* NotificationsView.swift */; };
		61A3AE952EB35633003B7E7A /* ProfileViewAlternate.swift in Sources */ = {isa = PBXBuildFile; fileRef = 61A3AE942EB35633003B7E7A /* ProfileViewAlternate.swift */; };
		61BC6E1C2DC3EB80005EFFD9 /* DatePickerView 2.swift in Sources */ = {isa = PBXBuildFile; fileRef = 61BC6E1B2DC3EB80005EFFD9 /* DatePickerView 2.swift */; };
		61BE27142DB3748D0000DB49 /* GenericBottomSheetView.swift in Sources */ = {isa = PBXBuildFile; fileRef = 61BE27132DB3748D0000DB49 /* GenericBottomSheetView.swift */; };
		61BF54742E77286900826236 /* AllAssignmentView.swift in Sources */ = {isa = PBXBuildFile; fileRef = 61BF54732E77286800826236 /* AllAssignmentView.swift */; };
		61BF78782EA20C7500FF3206 /* ValidationHelper.swift in Sources */ = {isa = PBXBuildFile; fileRef = 61BF78772EA20C7500FF3206 /* ValidationHelper.swift */; };
		61BF787C2EA239FA00FF3206 /* ColorTheme.swift in Sources */ = {isa = PBXBuildFile; fileRef = 61BF787B2EA239FA00FF3206 /* ColorTheme.swift */; };
		61BF787E2EA2408C00FF3206 /* ProfileHeader.swift in Sources */ = {isa = PBXBuildFile; fileRef = 61BF787D2EA2408C00FF3206 /* ProfileHeader.swift */; };
		61BF78802EA245A800FF3206 /* FormField.swift in Sources */ = {isa = PBXBuildFile; fileRef = 61BF787F2EA245A800FF3206 /* FormField.swift */; };
		61C8846D2D8FF66D00D566FC /* Item.swift in Sources */ = {isa = PBXBuildFile; fileRef = 61C8846C2D8FF66D00D566FC /* Item.swift */; };
		61DAFC202E64542F0037B1DF /* APIResponse.swift in Sources */ = {isa = PBXBuildFile; fileRef = 61DAFC1F2E64542F0037B1DF /* APIResponse.swift */; };
		61DAFC222E6454AC0037B1DF /* StateManager.swift in Sources */ = {isa = PBXBuildFile; fileRef = 61DAFC212E6454AC0037B1DF /* StateManager.swift */; };
		61DAFC242E64567F0037B1DF /* UserStatus.swift in Sources */ = {isa = PBXBuildFile; fileRef = 61DAFC232E64567F0037B1DF /* UserStatus.swift */; };
		61DAFC262E6456E30037B1DF /* BadExpression.swift in Sources */ = {isa = PBXBuildFile; fileRef = 61DAFC252E6456E30037B1DF /* BadExpression.swift */; };
		61DAFC282E6457120037B1DF /* NetworkResponseClass.swift in Sources */ = {isa = PBXBuildFile; fileRef = 61DAFC272E6457120037B1DF /* NetworkResponseClass.swift */; };
		61DAFC2A2E64573E0037B1DF /* ViewState.swift in Sources */ = {isa = PBXBuildFile; fileRef = 61DAFC292E64573E0037B1DF /* ViewState.swift */; };
		61E4E3992E0DAB2800E08337 /* CounterFeature.swift in Sources */ = {isa = PBXBuildFile; fileRef = 61E4E3982E0DAB2800E08337 /* CounterFeature.swift */; };
		61E4E39B2E0DAB4D00E08337 /* CounterView.swift in Sources */ = {isa = PBXBuildFile; fileRef = 61E4E39A2E0DAB4D00E08337 /* CounterView.swift */; };
		61FB0CD92EA6B8AB00398063 /* AboutView.swift in Sources */ = {isa = PBXBuildFile; fileRef = 61FB0CD82EA6B8AB00398063 /* AboutView.swift */; };
		61FB0CDB2EA6BC4500398063 /* SettingsView.swift in Sources */ = {isa = PBXBuildFile; fileRef = 61FB0CDA2EA6BC4500398063 /* SettingsView.swift */; };
		61FEC0EF2DAD755C00535FB1 /* SheetView.swift in Sources */ = {isa = PBXBuildFile; fileRef = 61FEC0EE2DAD755C00535FB1 /* SheetView.swift */; };
		D32DFA452CA881A8009B603E /* OnboardingView.swift in Sources */ = {isa = PBXBuildFile; fileRef = D32DFA442CA881A8009B603E /* OnboardingView.swift */; };
		D32DFA4B2CA88235009B603E /* TopIcon_Title.swift in Sources */ = {isa = PBXBuildFile; fileRef = D32DFA4A2CA88235009B603E /* TopIcon_Title.swift */; };
		D34BE7512C9F163400A3A3CA /* StudyAppApp.swift in Sources */ = {isa = PBXBuildFile; fileRef = D34BE7502C9F163400A3A3CA /* StudyAppApp.swift */; };
		D34BE7572C9F163600A3A3CA /* Assets.xcassets in Resources */ = {isa = PBXBuildFile; fileRef = D34BE7562C9F163600A3A3CA /* Assets.xcassets */; };
		D34BE75A2C9F163600A3A3CA /* Preview Assets.xcassets in Resources */ = {isa = PBXBuildFile; fileRef = D34BE7592C9F163600A3A3CA /* Preview Assets.xcassets */; };
		D34BE7642C9F163600A3A3CA /* StudyAppTests.swift in Sources */ = {isa = PBXBuildFile; fileRef = D34BE7632C9F163600A3A3CA /* StudyAppTests.swift */; };
		D34BE76E2C9F163600A3A3CA /* StudyAppUITests.swift in Sources */ = {isa = PBXBuildFile; fileRef = D34BE76D2C9F163600A3A3CA /* StudyAppUITests.swift */; };
		D34BE7702C9F163600A3A3CA /* StudyAppUITestsLaunchTests.swift in Sources */ = {isa = PBXBuildFile; fileRef = D34BE76F2C9F163600A3A3CA /* StudyAppUITestsLaunchTests.swift */; };
		D34BE77E2C9F2CD800A3A3CA /* LaunchScreenView.swift in Sources */ = {isa = PBXBuildFile; fileRef = D34BE77D2C9F2CD800A3A3CA /* LaunchScreenView.swift */; };
		D35B48862D32C04000AF3873 /* SignInView.swift in Sources */ = {isa = PBXBuildFile; fileRef = D35B48852D32C04000AF3873 /* SignInView.swift */; };
		D39362082CA99770002C368B /* SignUpView.swift in Sources */ = {isa = PBXBuildFile; fileRef = D39362072CA99770002C368B /* SignUpView.swift */; };
		D393620A2CA99E62002C368B /* OTPVerificationView.swift in Sources */ = {isa = PBXBuildFile; fileRef = D39362092CA99E62002C368B /* OTPVerificationView.swift */; };
		D3FDDE1F2CA92AFD00143D0D /* BackgroundImageView.swift in Sources */ = {isa = PBXBuildFile; fileRef = D3FDDE1E2CA92AFD00143D0D /* BackgroundImageView.swift */; };
		D3FDDE212CA9771600143D0D /* OnboardUIModel.swift in Sources */ = {isa = PBXBuildFile; fileRef = D3FDDE202CA9771600143D0D /* OnboardUIModel.swift */; };
/* End PBXBuildFile section */

/* Begin PBXContainerItemProxy section */
		D34BE7602C9F163600A3A3CA /* PBXContainerItemProxy */ = {
			isa = PBXContainerItemProxy;
			containerPortal = D34BE7452C9F163400A3A3CA /* Project object */;
			proxyType = 1;
			remoteGlobalIDString = D34BE74C2C9F163400A3A3CA;
			remoteInfo = StudyApp;
		};
		D34BE76A2C9F163600A3A3CA /* PBXContainerItemProxy */ = {
			isa = PBXContainerItemProxy;
			containerPortal = D34BE7452C9F163400A3A3CA /* Project object */;
			proxyType = 1;
			remoteGlobalIDString = D34BE74C2C9F163400A3A3CA;
			remoteInfo = StudyApp;
		};
/* End PBXContainerItemProxy section */

/* Begin PBXFileReference section */
		6110EEDE2EAB75E9004E5471 /* TermsAndConditionsView.swift */ = {isa = PBXFileReference; lastKnownFileType = sourcecode.swift; path = TermsAndConditionsView.swift; sourceTree = "<group>"; };
		6110EEE02EAB7754004E5471 /* DataPolicyView.swift */ = {isa = PBXFileReference; lastKnownFileType = sourcecode.swift; path = DataPolicyView.swift; sourceTree = "<group>"; };
		6113C3E82EA974B700A0B639 /* Extensions.swift */ = {isa = PBXFileReference; lastKnownFileType = sourcecode.swift; path = Extensions.swift; sourceTree = "<group>"; };
		6113C3EA2EA97C8800A0B639 /* NotificationsVieww.swift */ = {isa = PBXFileReference; lastKnownFileType = sourcecode.swift; path = NotificationsVieww.swift; sourceTree = "<group>"; };
		6113C4082EA983F400A0B639 /* LanguageModel.swift */ = {isa = PBXFileReference; lastKnownFileType = sourcecode.swift; path = LanguageModel.swift; sourceTree = "<group>"; };
		6113C40A2EA9843D00A0B639 /* ChooseLanguageView.swift */ = {isa = PBXFileReference; lastKnownFileType = sourcecode.swift; path = ChooseLanguageView.swift; sourceTree = "<group>"; };
		6113C40D2EA9864D00A0B639 /* NavigationRouter+AppCoordinator_Example.swift */ = {isa = PBXFileReference; lastKnownFileType = sourcecode.swift; path = "NavigationRouter+AppCoordinator_Example.swift"; sourceTree = "<group>"; };
		6113E72B2E71C61100048063 /* StudentDashboardView.swift */ = {isa = PBXFileReference; lastKnownFileType = sourcecode.swift; path = StudentDashboardView.swift; sourceTree = "<group>"; };
		61252D2D2D98E5E70052B8CA /* GridView_Example.swift */ = {isa = PBXFileReference; lastKnownFileType = sourcecode.swift; path = GridView_Example.swift; sourceTree = "<group>"; };
		612A60852EC2D08A00C4D37D /* ForgotPasswordView.swift */ = {isa = PBXFileReference; lastKnownFileType = sourcecode.swift; path = ForgotPasswordView.swift; sourceTree = "<group>"; };
		612A60872EC2D5CB00C4D37D /* ResetPasswordView.swift */ = {isa = PBXFileReference; lastKnownFileType = sourcecode.swift; path = ResetPasswordView.swift; sourceTree = "<group>"; };
		61357E252D997E150071C7AF /* Helpers.swift */ = {isa = PBXFileReference; lastKnownFileType = sourcecode.swift; path = Helpers.swift; sourceTree = "<group>"; };
		614E72AF2EAB037A00E2D448 /* Router.swift */ = {isa = PBXFileReference; lastKnownFileType = sourcecode.swift; path = Router.swift; sourceTree = "<group>"; };
		614E72B12EAB03AE00E2D448 /* AppCoordinatorView.swift */ = {isa = PBXFileReference; lastKnownFileType = sourcecode.swift; path = AppCoordinatorView.swift; sourceTree = "<group>"; };
		614E72B32EAB048A00E2D448 /* AuthFlowView.swift */ = {isa = PBXFileReference; lastKnownFileType = sourcecode.swift; path = AuthFlowView.swift; sourceTree = "<group>"; };
		614E72B52EAB357500E2D448 /* MainFlowView.swift */ = {isa = PBXFileReference; lastKnownFileType = sourcecode.swift; path = MainFlowView.swift; sourceTree = "<group>"; };
		6159CEEB2EAE417100AD6119 /* AboutUsView.swift */ = {isa = PBXFileReference; lastKnownFileType = sourcecode.swift; path = AboutUsView.swift; sourceTree = "<group>"; };
		6159CEED2EAE551B00AD6119 /* AssignmentsListView.swift */ = {isa = PBXFileReference; lastKnownFileType = sourcecode.swift; path = AssignmentsListView.swift; sourceTree = "<group>"; };
		6159CEEF2EAE555400AD6119 /* AssignmentModel.swift */ = {isa = PBXFileReference; lastKnownFileType = sourcecode.swift; path = AssignmentModel.swift; sourceTree = "<group>"; };
		6159CEF12EAE559D00AD6119 /* AssignmentContainerView.swift */ = {isa = PBXFileReference; lastKnownFileType = sourcecode.swift; path = AssignmentContainerView.swift; sourceTree = "<group>"; };
		615A76F22DC66146008F30E3 /* ReusableRow.swift */ = {isa = PBXFileReference; lastKnownFileType = sourcecode.swift; path = ReusableRow.swift; sourceTree = "<group>"; };
		615A76F42DC66193008F30E3 /* ListView.swift */ = {isa = PBXFileReference; lastKnownFileType = sourcecode.swift; path = ListView.swift; sourceTree = "<group>"; };
		615A76F62DC66F3F008F30E3 /* AppTheme.swift */ = {isa = PBXFileReference; lastKnownFileType = sourcecode.swift; path = AppTheme.swift; sourceTree = "<group>"; };
		6160AD342E9E92DA001C4899 /* SettingsHomeView.swift */ = {isa = PBXFileReference; lastKnownFileType = sourcecode.swift; path = SettingsHomeView.swift; sourceTree = "<group>"; };
		6160AD472E9FF914001C4899 /* ProfileViewModel.swift */ = {isa = PBXFileReference; lastKnownFileType = sourcecode.swift; path = ProfileViewModel.swift; sourceTree = "<group>"; };
		6160AD492E9FF920001C4899 /* UserProfile.swift */ = {isa = PBXFileReference; lastKnownFileType = sourcecode.swift; path = UserProfile.swift; sourceTree = "<group>"; };
		6160AD4F2E9FF97F001C4899 /* ProfilePageView.swift */ = {isa = PBXFileReference; lastKnownFileType = sourcecode.swift; path = ProfilePageView.swift; sourceTree = "<group>"; };
		6164E50F2EABF5A100D0FBE6 /* CreateProfileView.swift */ = {isa = PBXFileReference; lastKnownFileType = sourcecode.swift; path = CreateProfileView.swift; sourceTree = "<group>"; };
		6164E5112EABF70800D0FBE6 /* ChooseTopicInterestView.swift */ = {isa = PBXFileReference; lastKnownFileType = sourcecode.swift; path = ChooseTopicInterestView.swift; sourceTree = "<group>"; };
		6164E5132EABF77100D0FBE6 /* NotificationPermissionView.swift */ = {isa = PBXFileReference; lastKnownFileType = sourcecode.swift; path = NotificationPermissionView.swift; sourceTree = "<group>"; };
		6164E5172EABF84300D0FBE6 /* OnboardingTabView.swift */ = {isa = PBXFileReference; lastKnownFileType = sourcecode.swift; path = OnboardingTabView.swift; sourceTree = "<group>"; };
		6169B34F2DB94DA20075AE28 /* DatePickerView.swift */ = {isa = PBXFileReference; lastKnownFileType = sourcecode.swift; path = DatePickerView.swift; sourceTree = "<group>"; };
		616BB57B2E2356B000B6E64E /* Debug.xcconfig */ = {isa = PBXFileReference; lastKnownFileType = text.xcconfig; path = Debug.xcconfig; sourceTree = "<group>"; };
		616BB57D2E23573100B6E64E /* Info.plist */ = {isa = PBXFileReference; lastKnownFileType = text.plist; path = Info.plist; sourceTree = "<group>"; };
		617D7ADA2EB27C180034150D /* FilterBottomSheet.swift */ = {isa = PBXFileReference; lastKnownFileType = sourcecode.swift; path = FilterBottomSheet.swift; sourceTree = "<group>"; };
		617D7ADE2EB281700034150D /* TaskDetailView.swift */ = {isa = PBXFileReference; lastKnownFileType = sourcecode.swift; path = TaskDetailView.swift; sourceTree = "<group>"; };
		61879BA42EA4E37C00901114 /* PopupView.swift */ = {isa = PBXFileReference; lastKnownFileType = sourcecode.swift; path = PopupView.swift; sourceTree = "<group>"; };
		61879BA62EA4FF5500901114 /* PopupManager.swift */ = {isa = PBXFileReference; lastKnownFileType = sourcecode.swift; path = PopupManager.swift; sourceTree = "<group>"; };
		61879BA82EA517E900901114 /* TextEditorWithCompletion.swift */ = {isa = PBXFileReference; lastKnownFileType = sourcecode.swift; path = TextEditorWithCompletion.swift; sourceTree = "<group>"; };
		61879BAA2EA5207000901114 /* AppButton.swift */ = {isa = PBXFileReference; lastKnownFileType = sourcecode.swift; path = AppButton.swift; sourceTree = "<group>"; };
		61879BAC2EA5569400901114 /* AccountView.swift */ = {isa = PBXFileReference; lastKnownFileType = sourcecode.swift; path = AccountView.swift; sourceTree = "<group>"; };
		618C32692EC3A3780079ACF1 /* CoursesView.swift */ = {isa = PBXFileReference; lastKnownFileType = sourcecode.swift; path = CoursesView.swift; sourceTree = "<group>"; };
		618C326B2EC3A3810079ACF1 /* CourseDetailsView.swift */ = {isa = PBXFileReference; lastKnownFileType = sourcecode.swift; path = CourseDetailsView.swift; sourceTree = "<group>"; };
		618C326D2EC3A3920079ACF1 /* MyCourseView.swift */ = {isa = PBXFileReference; lastKnownFileType = sourcecode.swift; path = MyCourseView.swift; sourceTree = "<group>"; };
		618C32702EC3A3AC0079ACF1 /* SubjectsView.swift */ = {isa = PBXFileReference; lastKnownFileType = sourcecode.swift; path = SubjectsView.swift; sourceTree = "<group>"; };
		618C32722EC3A3CE0079ACF1 /* SubjectDetailsView.swift */ = {isa = PBXFileReference; lastKnownFileType = sourcecode.swift; path = SubjectDetailsView.swift; sourceTree = "<group>"; };
		618C32752EC3A4130079ACF1 /* MyClassView.swift */ = {isa = PBXFileReference; lastKnownFileType = sourcecode.swift; path = MyClassView.swift; sourceTree = "<group>"; };
		618C32772EC3A44D0079ACF1 /* PresenceView.swift */ = {isa = PBXFileReference; lastKnownFileType = sourcecode.swift; path = PresenceView.swift; sourceTree = "<group>"; };
		618C32792EC3A4590079ACF1 /* NotificationsView.swift */ = {isa = PBXFileReference; lastKnownFileType = sourcecode.swift; path = NotificationsView.swift; sourceTree = "<group>"; };
		61A3AE942EB35633003B7E7A /* ProfileViewAlternate.swift */ = {isa = PBXFileReference; lastKnownFileType = sourcecode.swift; path = ProfileViewAlternate.swift; sourceTree = "<group>"; };
		61BC6E1B2DC3EB80005EFFD9 /* DatePickerView 2.swift */ = {isa = PBXFileReference; lastKnownFileType = sourcecode.swift; path = "DatePickerView 2.swift"; sourceTree = "<group>"; };
		61BE27132DB3748D0000DB49 /* GenericBottomSheetView.swift */ = {isa = PBXFileReference; lastKnownFileType = sourcecode.swift; path = GenericBottomSheetView.swift; sourceTree = "<group>"; };
		61BF54732E77286800826236 /* AllAssignmentView.swift */ = {isa = PBXFileReference; lastKnownFileType = sourcecode.swift; path = AllAssignmentView.swift; sourceTree = "<group>"; };
		61BF78772EA20C7500FF3206 /* ValidationHelper.swift */ = {isa = PBXFileReference; lastKnownFileType = sourcecode.swift; path = ValidationHelper.swift; sourceTree = "<group>"; };
		61BF787B2EA239FA00FF3206 /* ColorTheme.swift */ = {isa = PBXFileReference; lastKnownFileType = sourcecode.swift; path = ColorTheme.swift; sourceTree = "<group>"; };
		61BF787D2EA2408C00FF3206 /* ProfileHeader.swift */ = {isa = PBXFileReference; lastKnownFileType = sourcecode.swift; path = ProfileHeader.swift; sourceTree = "<group>"; };
		61BF787F2EA245A800FF3206 /* FormField.swift */ = {isa = PBXFileReference; lastKnownFileType = sourcecode.swift; path = FormField.swift; sourceTree = "<group>"; };
		61C8846C2D8FF66D00D566FC /* Item.swift */ = {isa = PBXFileReference; lastKnownFileType = sourcecode.swift; path = Item.swift; sourceTree = "<group>"; };
		61D6539D2EB4AEC200E58684 /* StudyApp.entitlements */ = {isa = PBXFileReference; lastKnownFileType = text.plist.entitlements; path = StudyApp.entitlements; sourceTree = "<group>"; };
		61DAFC1F2E64542F0037B1DF /* APIResponse.swift */ = {isa = PBXFileReference; lastKnownFileType = sourcecode.swift; path = APIResponse.swift; sourceTree = "<group>"; };
		61DAFC212E6454AC0037B1DF /* StateManager.swift */ = {isa = PBXFileReference; lastKnownFileType = sourcecode.swift; path = StateManager.swift; sourceTree = "<group>"; };
		61DAFC232E64567F0037B1DF /* UserStatus.swift */ = {isa = PBXFileReference; lastKnownFileType = sourcecode.swift; path = UserStatus.swift; sourceTree = "<group>"; };
		61DAFC252E6456E30037B1DF /* BadExpression.swift */ = {isa = PBXFileReference; lastKnownFileType = sourcecode.swift; path = BadExpression.swift; sourceTree = "<group>"; };
		61DAFC272E6457120037B1DF /* NetworkResponseClass.swift */ = {isa = PBXFileReference; lastKnownFileType = sourcecode.swift; path = NetworkResponseClass.swift; sourceTree = "<group>"; };
		61DAFC292E64573E0037B1DF /* ViewState.swift */ = {isa = PBXFileReference; lastKnownFileType = sourcecode.swift; path = ViewState.swift; sourceTree = "<group>"; };
		61E4E3982E0DAB2800E08337 /* CounterFeature.swift */ = {isa = PBXFileReference; lastKnownFileType = sourcecode.swift; path = CounterFeature.swift; sourceTree = "<group>"; };
		61E4E39A2E0DAB4D00E08337 /* CounterView.swift */ = {isa = PBXFileReference; lastKnownFileType = sourcecode.swift; path = CounterView.swift; sourceTree = "<group>"; };
		61FB0CD82EA6B8AB00398063 /* AboutView.swift */ = {isa = PBXFileReference; lastKnownFileType = sourcecode.swift; path = AboutView.swift; sourceTree = "<group>"; };
		61FB0CDA2EA6BC4500398063 /* SettingsView.swift */ = {isa = PBXFileReference; lastKnownFileType = sourcecode.swift; path = SettingsView.swift; sourceTree = "<group>"; };
		61FEC0EE2DAD755C00535FB1 /* SheetView.swift */ = {isa = PBXFileReference; lastKnownFileType = sourcecode.swift; path = SheetView.swift; sourceTree = "<group>"; };
		D32DFA442CA881A8009B603E /* OnboardingView.swift */ = {isa = PBXFileReference; lastKnownFileType = sourcecode.swift; path = OnboardingView.swift; sourceTree = "<group>"; };
		D32DFA4A2CA88235009B603E /* TopIcon_Title.swift */ = {isa = PBXFileReference; lastKnownFileType = sourcecode.swift; path = TopIcon_Title.swift; sourceTree = "<group>"; };
		D34BE74D2C9F163400A3A3CA /* StudyApp.app */ = {isa = PBXFileReference; explicitFileType = wrapper.application; includeInIndex = 0; path = StudyApp.app; sourceTree = BUILT_PRODUCTS_DIR; };
		D34BE7502C9F163400A3A3CA /* StudyAppApp.swift */ = {isa = PBXFileReference; lastKnownFileType = sourcecode.swift; path = StudyAppApp.swift; sourceTree = "<group>"; };
		D34BE7562C9F163600A3A3CA /* Assets.xcassets */ = {isa = PBXFileReference; lastKnownFileType = folder.assetcatalog; path = Assets.xcassets; sourceTree = "<group>"; };
		D34BE7592C9F163600A3A3CA /* Preview Assets.xcassets */ = {isa = PBXFileReference; lastKnownFileType = folder.assetcatalog; path = "Preview Assets.xcassets"; sourceTree = "<group>"; };
		D34BE75F2C9F163600A3A3CA /* StudyAppTests.xctest */ = {isa = PBXFileReference; explicitFileType = wrapper.cfbundle; includeInIndex = 0; path = StudyAppTests.xctest; sourceTree = BUILT_PRODUCTS_DIR; };
		D34BE7632C9F163600A3A3CA /* StudyAppTests.swift */ = {isa = PBXFileReference; lastKnownFileType = sourcecode.swift; path = StudyAppTests.swift; sourceTree = "<group>"; };
		D34BE7692C9F163600A3A3CA /* StudyAppUITests.xctest */ = {isa = PBXFileReference; explicitFileType = wrapper.cfbundle; includeInIndex = 0; path = StudyAppUITests.xctest; sourceTree = BUILT_PRODUCTS_DIR; };
		D34BE76D2C9F163600A3A3CA /* StudyAppUITests.swift */ = {isa = PBXFileReference; lastKnownFileType = sourcecode.swift; path = StudyAppUITests.swift; sourceTree = "<group>"; };
		D34BE76F2C9F163600A3A3CA /* StudyAppUITestsLaunchTests.swift */ = {isa = PBXFileReference; lastKnownFileType = sourcecode.swift; path = StudyAppUITestsLaunchTests.swift; sourceTree = "<group>"; };
		D34BE77D2C9F2CD800A3A3CA /* LaunchScreenView.swift */ = {isa = PBXFileReference; lastKnownFileType = sourcecode.swift; path = LaunchScreenView.swift; sourceTree = "<group>"; };
		D35B48852D32C04000AF3873 /* SignInView.swift */ = {isa = PBXFileReference; lastKnownFileType = sourcecode.swift; path = SignInView.swift; sourceTree = "<group>"; };
		D39362072CA99770002C368B /* SignUpView.swift */ = {isa = PBXFileReference; lastKnownFileType = sourcecode.swift; path = SignUpView.swift; sourceTree = "<group>"; };
		D39362092CA99E62002C368B /* OTPVerificationView.swift */ = {isa = PBXFileReference; lastKnownFileType = sourcecode.swift; path = OTPVerificationView.swift; sourceTree = "<group>"; };
		D3FDDE1E2CA92AFD00143D0D /* BackgroundImageView.swift */ = {isa = PBXFileReference; lastKnownFileType = sourcecode.swift; path = BackgroundImageView.swift; sourceTree = "<group>"; };
		D3FDDE202CA9771600143D0D /* OnboardUIModel.swift */ = {isa = PBXFileReference; lastKnownFileType = sourcecode.swift; path = OnboardUIModel.swift; sourceTree = "<group>"; };
/* End PBXFileReference section */

/* Begin PBXFileSystemSynchronizedRootGroup section */
		6139CCD82E3BD58D00E5C477 /* SwifuiNavigationStackTutorial */ = {isa = PBXFileSystemSynchronizedRootGroup; explicitFileTypes = {}; explicitFolders = (); path = SwifuiNavigationStackTutorial; sourceTree = "<group>"; };
		614E72B72EAB3AAC00E2D448 /* Settings_mock_json */ = {isa = PBXFileSystemSynchronizedRootGroup; explicitFileTypes = {}; explicitFolders = (); path = Settings_mock_json; sourceTree = "<group>"; };
/* End PBXFileSystemSynchronizedRootGroup section */

/* Begin PBXFrameworksBuildPhase section */
		D34BE74A2C9F163400A3A3CA /* Frameworks */ = {
			isa = PBXFrameworksBuildPhase;
			buildActionMask = 2147483647;
			files = (
			);
			runOnlyForDeploymentPostprocessing = 0;
		};
		D34BE75C2C9F163600A3A3CA /* Frameworks */ = {
			isa = PBXFrameworksBuildPhase;
			buildActionMask = 2147483647;
			files = (
			);
			runOnlyForDeploymentPostprocessing = 0;
		};
		D34BE7662C9F163600A3A3CA /* Frameworks */ = {
			isa = PBXFrameworksBuildPhase;
			buildActionMask = 2147483647;
			files = (
			);
			runOnlyForDeploymentPostprocessing = 0;
		};
/* End PBXFrameworksBuildPhase section */

/* Begin PBXGroup section */
		6113C40E2EA9864D00A0B639 /* Navigation */ = {
			isa = PBXGroup;
			children = (
				614E72AF2EAB037A00E2D448 /* Router.swift */,
				614E72B32EAB048A00E2D448 /* AuthFlowView.swift */,
				614E72B52EAB357500E2D448 /* MainFlowView.swift */,
				614E72B12EAB03AE00E2D448 /* AppCoordinatorView.swift */,
				6113C40D2EA9864D00A0B639 /* NavigationRouter+AppCoordinator_Example.swift */,
				D34BE7502C9F163400A3A3CA /* StudyAppApp.swift */,
			);
			path = Navigation;
			sourceTree = "<group>";
		};
		6113E71F2E71B7BB00048063 /* Dashboard */ = {
			isa = PBXGroup;
			children = (
				61A3AE942EB35633003B7E7A /* ProfileViewAlternate.swift */,
				6113E72B2E71C61100048063 /* StudentDashboardView.swift */,
			);
			path = Dashboard;
			sourceTree = "<group>";
		};
		61357E242D997DFF0071C7AF /* Helpers */ = {
			isa = PBXGroup;
			children = (
				61879BA62EA4FF5500901114 /* PopupManager.swift */,
				61DAFC1F2E64542F0037B1DF /* APIResponse.swift */,
				61DAFC232E64567F0037B1DF /* UserStatus.swift */,
				61DAFC212E6454AC0037B1DF /* StateManager.swift */,
				61DAFC252E6456E30037B1DF /* BadExpression.swift */,
				61DAFC272E6457120037B1DF /* NetworkResponseClass.swift */,
				61DAFC292E64573E0037B1DF /* ViewState.swift */,
				61357E252D997E150071C7AF /* Helpers.swift */,
				615A76F62DC66F3F008F30E3 /* AppTheme.swift */,
				61BF787B2EA239FA00FF3206 /* ColorTheme.swift */,
				6113C3E82EA974B700A0B639 /* Extensions.swift */,
			);
			path = Helpers;
			sourceTree = "<group>";
		};
		6160AD352E9E92DA001C4899 /* Account&Settings */ = {
			isa = PBXGroup;
			children = (
				61879BA82EA517E900901114 /* TextEditorWithCompletion.swift */,
				61879BA42EA4E37C00901114 /* PopupView.swift */,
				61BF787D2EA2408C00FF3206 /* ProfileHeader.swift */,
				6160AD4F2E9FF97F001C4899 /* ProfilePageView.swift */,
				61879BAC2EA5569400901114 /* AccountView.swift */,
				61FB0CD82EA6B8AB00398063 /* AboutView.swift */,
				61FB0CDA2EA6BC4500398063 /* SettingsView.swift */,
				6113C3EA2EA97C8800A0B639 /* NotificationsVieww.swift */,
				6113C40A2EA9843D00A0B639 /* ChooseLanguageView.swift */,
				6110EEDE2EAB75E9004E5471 /* TermsAndConditionsView.swift */,
				6110EEE02EAB7754004E5471 /* DataPolicyView.swift */,
				6159CEEB2EAE417100AD6119 /* AboutUsView.swift */,
				614E72B72EAB3AAC00E2D448 /* Settings_mock_json */,
				6113C4082EA983F400A0B639 /* LanguageModel.swift */,
				6160AD492E9FF920001C4899 /* UserProfile.swift */,
				6160AD472E9FF914001C4899 /* ProfileViewModel.swift */,
				6160AD342E9E92DA001C4899 /* SettingsHomeView.swift */,
			);
			path = "Account&Settings";
			sourceTree = "<group>";
		};
		618C32682EC3A34B0079ACF1 /* Courses */ = {
			isa = PBXGroup;
			children = (
				618C32692EC3A3780079ACF1 /* CoursesView.swift */,
				618C326B2EC3A3810079ACF1 /* CourseDetailsView.swift */,
				618C326D2EC3A3920079ACF1 /* MyCourseView.swift */,
			);
			path = Courses;
			sourceTree = "<group>";
		};
		618C326F2EC3A39C0079ACF1 /* Subjects */ = {
			isa = PBXGroup;
			children = (
				618C32702EC3A3AC0079ACF1 /* SubjectsView.swift */,
				618C32722EC3A3CE0079ACF1 /* SubjectDetailsView.swift */,
			);
			path = Subjects;
			sourceTree = "<group>";
		};
		618C32742EC3A3EC0079ACF1 /* Classes */ = {
			isa = PBXGroup;
			children = (
				618C32752EC3A4130079ACF1 /* MyClassView.swift */,
				618C32772EC3A44D0079ACF1 /* PresenceView.swift */,
				618C32792EC3A4590079ACF1 /* NotificationsView.swift */,
			);
			path = Classes;
			sourceTree = "<group>";
		};
		D32DFA432CA88150009B603E /* OnBoardingViews */ = {
			isa = PBXGroup;
			children = (
				D32DFA442CA881A8009B603E /* OnboardingView.swift */,
				D3FDDE202CA9771600143D0D /* OnboardUIModel.swift */,
			);
			path = OnBoardingViews;
			sourceTree = "<group>";
		};
		D34BE7442C9F163400A3A3CA = {
			isa = PBXGroup;
			children = (
				616BB57B2E2356B000B6E64E /* Debug.xcconfig */,
				D34BE74F2C9F163400A3A3CA /* StudyApp */,
				D34BE7622C9F163600A3A3CA /* StudyAppTests */,
				D34BE76C2C9F163600A3A3CA /* StudyAppUITests */,
				D34BE74E2C9F163400A3A3CA /* Products */,
			);
			sourceTree = "<group>";
		};
		D34BE74E2C9F163400A3A3CA /* Products */ = {
			isa = PBXGroup;
			children = (
				D34BE74D2C9F163400A3A3CA /* StudyApp.app */,
				D34BE75F2C9F163600A3A3CA /* StudyAppTests.xctest */,
				D34BE7692C9F163600A3A3CA /* StudyAppUITests.xctest */,
			);
			name = Products;
			sourceTree = "<group>";
		};
		D34BE74F2C9F163400A3A3CA /* StudyApp */ = {
			isa = PBXGroup;
			children = (
				618C32742EC3A3EC0079ACF1 /* Classes */,
				618C326F2EC3A39C0079ACF1 /* Subjects */,
				618C32682EC3A34B0079ACF1 /* Courses */,
				61D6539D2EB4AEC200E58684 /* StudyApp.entitlements */,
				6113C40E2EA9864D00A0B639 /* Navigation */,
				61BF54732E77286800826236 /* AllAssignmentView.swift */,
				617D7ADE2EB281700034150D /* TaskDetailView.swift */,
				617D7ADA2EB27C180034150D /* FilterBottomSheet.swift */,
				6159CEED2EAE551B00AD6119 /* AssignmentsListView.swift */,
				6159CEEF2EAE555400AD6119 /* AssignmentModel.swift */,
				6159CEF12EAE559D00AD6119 /* AssignmentContainerView.swift */,
				616BB57D2E23573100B6E64E /* Info.plist */,
				61357E242D997DFF0071C7AF /* Helpers */,
				D34BE77C2C9F209000A3A3CA /* LaunchScreenView */,
				D32DFA432CA88150009B603E /* OnBoardingViews */,
				D39362062CA99760002C368B /* SignUpView */,
				6113E71F2E71B7BB00048063 /* Dashboard */,
				6160AD352E9E92DA001C4899 /* Account&Settings */,
				D34BE7562C9F163600A3A3CA /* Assets.xcassets */,
				D34BE7582C9F163600A3A3CA /* Preview Content */,
			);
			path = StudyApp;
			sourceTree = "<group>";
		};
		D34BE7582C9F163600A3A3CA /* Preview Content */ = {
			isa = PBXGroup;
			children = (
				D34BE7592C9F163600A3A3CA /* Preview Assets.xcassets */,
			);
			path = "Preview Content";
			sourceTree = "<group>";
		};
		D34BE7622C9F163600A3A3CA /* StudyAppTests */ = {
			isa = PBXGroup;
			children = (
				D34BE7632C9F163600A3A3CA /* StudyAppTests.swift */,
			);
			path = StudyAppTests;
			sourceTree = "<group>";
		};
		D34BE76C2C9F163600A3A3CA /* StudyAppUITests */ = {
			isa = PBXGroup;
			children = (
				D34BE76D2C9F163600A3A3CA /* StudyAppUITests.swift */,
				D34BE76F2C9F163600A3A3CA /* StudyAppUITestsLaunchTests.swift */,
			);
			path = StudyAppUITests;
			sourceTree = "<group>";
		};
		D34BE77C2C9F209000A3A3CA /* LaunchScreenView */ = {
			isa = PBXGroup;
			children = (
				D34BE77D2C9F2CD800A3A3CA /* LaunchScreenView.swift */,
				D3FDDE1E2CA92AFD00143D0D /* BackgroundImageView.swift */,
				D32DFA4A2CA88235009B603E /* TopIcon_Title.swift */,
			);
			path = LaunchScreenView;
			sourceTree = "<group>";
		};
		D39362062CA99760002C368B /* SignUpView */ = {
			isa = PBXGroup;
			children = (
				61BF787F2EA245A800FF3206 /* FormField.swift */,
				D39362072CA99770002C368B /* SignUpView.swift */,
				D39362092CA99E62002C368B /* OTPVerificationView.swift */,
				6164E5172EABF84300D0FBE6 /* OnboardingTabView.swift */,
				6164E50F2EABF5A100D0FBE6 /* CreateProfileView.swift */,
				6164E5112EABF70800D0FBE6 /* ChooseTopicInterestView.swift */,
				6164E5132EABF77100D0FBE6 /* NotificationPermissionView.swift */,
				61C8846C2D8FF66D00D566FC /* Item.swift */,
				D35B48852D32C04000AF3873 /* SignInView.swift */,
				612A60852EC2D08A00C4D37D /* ForgotPasswordView.swift */,
				612A60872EC2D5CB00C4D37D /* ResetPasswordView.swift */,
				61252D2D2D98E5E70052B8CA /* GridView_Example.swift */,
				61FEC0EE2DAD755C00535FB1 /* SheetView.swift */,
				61BE27132DB3748D0000DB49 /* GenericBottomSheetView.swift */,
				6169B34F2DB94DA20075AE28 /* DatePickerView.swift */,
				61BC6E1B2DC3EB80005EFFD9 /* DatePickerView 2.swift */,
				615A76F22DC66146008F30E3 /* ReusableRow.swift */,
				615A76F42DC66193008F30E3 /* ListView.swift */,
				61E4E3982E0DAB2800E08337 /* CounterFeature.swift */,
				61E4E39A2E0DAB4D00E08337 /* CounterView.swift */,
				6139CCD82E3BD58D00E5C477 /* SwifuiNavigationStackTutorial */,
				61BF78772EA20C7500FF3206 /* ValidationHelper.swift */,
				61879BAA2EA5207000901114 /* AppButton.swift */,
			);
			path = SignUpView;
			sourceTree = "<group>";
		};
/* End PBXGroup section */

/* Begin PBXNativeTarget section */
		D34BE74C2C9F163400A3A3CA /* StudyApp */ = {
			isa = PBXNativeTarget;
			buildConfigurationList = D34BE7732C9F163600A3A3CA /* Build configuration list for PBXNativeTarget "StudyApp" */;
			buildPhases = (
				D34BE7492C9F163400A3A3CA /* Sources */,
				D34BE74A2C9F163400A3A3CA /* Frameworks */,
				D34BE74B2C9F163400A3A3CA /* Resources */,
			);
			buildRules = (
			);
			dependencies = (
			);
			fileSystemSynchronizedGroups = (
				6139CCD82E3BD58D00E5C477 /* SwifuiNavigationStackTutorial */,
				614E72B72EAB3AAC00E2D448 /* Settings_mock_json */,
			);
			name = StudyApp;
			productName = StudyApp;
			productReference = D34BE74D2C9F163400A3A3CA /* StudyApp.app */;
			productType = "com.apple.product-type.application";
		};
		D34BE75E2C9F163600A3A3CA /* StudyAppTests */ = {
			isa = PBXNativeTarget;
			buildConfigurationList = D34BE7762C9F163600A3A3CA /* Build configuration list for PBXNativeTarget "StudyAppTests" */;
			buildPhases = (
				D34BE75B2C9F163600A3A3CA /* Sources */,
				D34BE75C2C9F163600A3A3CA /* Frameworks */,
				D34BE75D2C9F163600A3A3CA /* Resources */,
			);
			buildRules = (
			);
			dependencies = (
				D34BE7612C9F163600A3A3CA /* PBXTargetDependency */,
			);
			name = StudyAppTests;
			productName = StudyAppTests;
			productReference = D34BE75F2C9F163600A3A3CA /* StudyAppTests.xctest */;
			productType = "com.apple.product-type.bundle.unit-test";
		};
		D34BE7682C9F163600A3A3CA /* StudyAppUITests */ = {
			isa = PBXNativeTarget;
			buildConfigurationList = D34BE7792C9F163600A3A3CA /* Build configuration list for PBXNativeTarget "StudyAppUITests" */;
			buildPhases = (
				D34BE7652C9F163600A3A3CA /* Sources */,
				D34BE7662C9F163600A3A3CA /* Frameworks */,
				D34BE7672C9F163600A3A3CA /* Resources */,
			);
			buildRules = (
			);
			dependencies = (
				D34BE76B2C9F163600A3A3CA /* PBXTargetDependency */,
			);
			name = StudyAppUITests;
			productName = StudyAppUITests;
			productReference = D34BE7692C9F163600A3A3CA /* StudyAppUITests.xctest */;
			productType = "com.apple.product-type.bundle.ui-testing";
		};
/* End PBXNativeTarget section */

/* Begin PBXProject section */
		D34BE7452C9F163400A3A3CA /* Project object */ = {
			isa = PBXProject;
			attributes = {
				BuildIndependentTargetsInParallel = 1;
				LastSwiftUpdateCheck = 1600;
				LastUpgradeCheck = 2600;
				TargetAttributes = {
					D34BE74C2C9F163400A3A3CA = {
						CreatedOnToolsVersion = 16.0;
					};
					D34BE75E2C9F163600A3A3CA = {
						CreatedOnToolsVersion = 16.0;
						TestTargetID = D34BE74C2C9F163400A3A3CA;
					};
					D34BE7682C9F163600A3A3CA = {
						CreatedOnToolsVersion = 16.0;
						TestTargetID = D34BE74C2C9F163400A3A3CA;
					};
				};
			};
			buildConfigurationList = D34BE7482C9F163400A3A3CA /* Build configuration list for PBXProject "StudyApp" */;
			compatibilityVersion = "Xcode 15.0";
			developmentRegion = en;
			hasScannedForEncodings = 0;
			knownRegions = (
				en,
				Base,
			);
			mainGroup = D34BE7442C9F163400A3A3CA;
			packageReferences = (
			);
			productRefGroup = D34BE74E2C9F163400A3A3CA /* Products */;
			projectDirPath = "";
			projectRoot = "";
			targets = (
				D34BE74C2C9F163400A3A3CA /* StudyApp */,
				D34BE75E2C9F163600A3A3CA /* StudyAppTests */,
				D34BE7682C9F163600A3A3CA /* StudyAppUITests */,
			);
		};
/* End PBXProject section */

/* Begin PBXResourcesBuildPhase section */
		D34BE74B2C9F163400A3A3CA /* Resources */ = {
			isa = PBXResourcesBuildPhase;
			buildActionMask = 2147483647;
			files = (
				D34BE75A2C9F163600A3A3CA /* Preview Assets.xcassets in Resources */,
				D34BE7572C9F163600A3A3CA /* Assets.xcassets in Resources */,
			);
			runOnlyForDeploymentPostprocessing = 0;
		};
		D34BE75D2C9F163600A3A3CA /* Resources */ = {
			isa = PBXResourcesBuildPhase;
			buildActionMask = 2147483647;
			files = (
			);
			runOnlyForDeploymentPostprocessing = 0;
		};
		D34BE7672C9F163600A3A3CA /* Resources */ = {
			isa = PBXResourcesBuildPhase;
			buildActionMask = 2147483647;
			files = (
			);
			runOnlyForDeploymentPostprocessing = 0;
		};
/* End PBXResourcesBuildPhase section */

/* Begin PBXSourcesBuildPhase section */
		D34BE7492C9F163400A3A3CA /* Sources */ = {
			isa = PBXSourcesBuildPhase;
			buildActionMask = 2147483647;
			files = (
				618C326C2EC3A3810079ACF1 /* CourseDetailsView.swift in Sources */,
				615A76F72DC66F3F008F30E3 /* AppTheme.swift in Sources */,
				6160AD502E9FF97F001C4899 /* ProfilePageView.swift in Sources */,
				D32DFA452CA881A8009B603E /* OnboardingView.swift in Sources */,
				D3FDDE1F2CA92AFD00143D0D /* BackgroundImageView.swift in Sources */,
				614E72B02EAB037A00E2D448 /* Router.swift in Sources */,
				61DAFC282E6457120037B1DF /* NetworkResponseClass.swift in Sources */,
				61BE27142DB3748D0000DB49 /* GenericBottomSheetView.swift in Sources */,
				6160AD362E9E92DA001C4899 /* SettingsHomeView.swift in Sources */,
				61BC6E1C2DC3EB80005EFFD9 /* DatePickerView 2.swift in Sources */,
				61E4E39B2E0DAB4D00E08337 /* CounterView.swift in Sources */,
				61BF54742E77286900826236 /* AllAssignmentView.swift in Sources */,
				6164E5122EABF70800D0FBE6 /* ChooseTopicInterestView.swift in Sources */,
				6164E5142EABF77100D0FBE6 /* NotificationPermissionView.swift in Sources */,
				61879BA72EA4FF5500901114 /* PopupManager.swift in Sources */,
				617D7ADF2EB281700034150D /* TaskDetailView.swift in Sources */,
				D34BE77E2C9F2CD800A3A3CA /* LaunchScreenView.swift in Sources */,
				6110EEE12EAB7754004E5471 /* DataPolicyView.swift in Sources */,
				61DAFC222E6454AC0037B1DF /* StateManager.swift in Sources */,
				61FB0CDB2EA6BC4500398063 /* SettingsView.swift in Sources */,
				61BF787E2EA2408C00FF3206 /* ProfileHeader.swift in Sources */,
				6113C3EB2EA97C8800A0B639 /* NotificationsVieww.swift in Sources */,
				6113C4092EA983F400A0B639 /* LanguageModel.swift in Sources */,
				612A60882EC2D5CB00C4D37D /* ResetPasswordView.swift in Sources */,
				61DAFC202E64542F0037B1DF /* APIResponse.swift in Sources */,
				61DAFC2A2E64573E0037B1DF /* ViewState.swift in Sources */,
				6160AD4A2E9FF920001C4899 /* UserProfile.swift in Sources */,
				61BF78802EA245A800FF3206 /* FormField.swift in Sources */,
				618C32782EC3A44D0079ACF1 /* PresenceView.swift in Sources */,
				6113E72C2E71C61200048063 /* StudentDashboardView.swift in Sources */,
				61A3AE952EB35633003B7E7A /* ProfileViewAlternate.swift in Sources */,
				618C326A2EC3A3780079ACF1 /* CoursesView.swift in Sources */,
				618C326E2EC3A3920079ACF1 /* MyCourseView.swift in Sources */,
				D3FDDE212CA9771600143D0D /* OnboardUIModel.swift in Sources */,
				61879BA92EA517E900901114 /* TextEditorWithCompletion.swift in Sources */,
				618C32732EC3A3CE0079ACF1 /* SubjectDetailsView.swift in Sources */,
				6169B3502DB94DA20075AE28 /* DatePickerView.swift in Sources */,
				61BF78782EA20C7500FF3206 /* ValidationHelper.swift in Sources */,
				61DAFC242E64567F0037B1DF /* UserStatus.swift in Sources */,
				D393620A2CA99E62002C368B /* OTPVerificationView.swift in Sources */,
				61DAFC262E6456E30037B1DF /* BadExpression.swift in Sources */,
				614E72B42EAB048A00E2D448 /* AuthFlowView.swift in Sources */,
				6159CEF22EAE559D00AD6119 /* AssignmentContainerView.swift in Sources */,
				614E72B22EAB03AE00E2D448 /* AppCoordinatorView.swift in Sources */,
				6164E5182EABF84300D0FBE6 /* OnboardingTabView.swift in Sources */,
				618C32712EC3A3AC0079ACF1 /* SubjectsView.swift in Sources */,
				615A76F32DC66146008F30E3 /* ReusableRow.swift in Sources */,
				61C8846D2D8FF66D00D566FC /* Item.swift in Sources */,
				61FB0CD92EA6B8AB00398063 /* AboutView.swift in Sources */,
				6160AD482E9FF914001C4899 /* ProfileViewModel.swift in Sources */,
				6159CEEC2EAE417100AD6119 /* AboutUsView.swift in Sources */,
				617D7ADB2EB27C180034150D /* FilterBottomSheet.swift in Sources */,
				D32DFA4B2CA88235009B603E /* TopIcon_Title.swift in Sources */,
				61879BA52EA4E37C00901114 /* PopupView.swift in Sources */,
				6113C40F2EA9864D00A0B639 /* NavigationRouter+AppCoordinator_Example.swift in Sources */,
				6113C40B2EA9843D00A0B639 /* ChooseLanguageView.swift in Sources */,
				61FEC0EF2DAD755C00535FB1 /* SheetView.swift in Sources */,
				D39362082CA99770002C368B /* SignUpView.swift in Sources */,
				D35B48862D32C04000AF3873 /* SignInView.swift in Sources */,
				61E4E3992E0DAB2800E08337 /* CounterFeature.swift in Sources */,
				61BF787C2EA239FA00FF3206 /* ColorTheme.swift in Sources */,
				6159CEF02EAE555400AD6119 /* AssignmentModel.swift in Sources */,
				615A76F52DC66193008F30E3 /* ListView.swift in Sources */,
				61357E262D997E150071C7AF /* Helpers.swift in Sources */,
				61252D2E2D98E5E70052B8CA /* GridView_Example.swift in Sources */,
				614E72B62EAB357500E2D448 /* MainFlowView.swift in Sources */,
				612A60862EC2D08A00C4D37D /* ForgotPasswordView.swift in Sources */,
				6164E5102EABF5A100D0FBE6 /* CreateProfileView.swift in Sources */,
				61879BAD2EA5569400901114 /* AccountView.swift in Sources */,
				6159CEEE2EAE551B00AD6119 /* AssignmentsListView.swift in Sources */,
				6110EEDF2EAB75E9004E5471 /* TermsAndConditionsView.swift in Sources */,
				618C327A2EC3A4590079ACF1 /* NotificationsView.swift in Sources */,
				61879BAB2EA5207000901114 /* AppButton.swift in Sources */,
				6113C3E92EA974B700A0B639 /* Extensions.swift in Sources */,
				D34BE7512C9F163400A3A3CA /* StudyAppApp.swift in Sources */,
				618C32762EC3A4130079ACF1 /* MyClassView.swift in Sources */,
			);
			runOnlyForDeploymentPostprocessing = 0;
		};
		D34BE75B2C9F163600A3A3CA /* Sources */ = {
			isa = PBXSourcesBuildPhase;
			buildActionMask = 2147483647;
			files = (
				D34BE7642C9F163600A3A3CA /* StudyAppTests.swift in Sources */,
			);
			runOnlyForDeploymentPostprocessing = 0;
		};
		D34BE7652C9F163600A3A3CA /* Sources */ = {
			isa = PBXSourcesBuildPhase;
			buildActionMask = 2147483647;
			files = (
				D34BE7702C9F163600A3A3CA /* StudyAppUITestsLaunchTests.swift in Sources */,
				D34BE76E2C9F163600A3A3CA /* StudyAppUITests.swift in Sources */,
			);
			runOnlyForDeploymentPostprocessing = 0;
		};
/* End PBXSourcesBuildPhase section */

/* Begin PBXTargetDependency section */
		D34BE7612C9F163600A3A3CA /* PBXTargetDependency */ = {
			isa = PBXTargetDependency;
			target = D34BE74C2C9F163400A3A3CA /* StudyApp */;
			targetProxy = D34BE7602C9F163600A3A3CA /* PBXContainerItemProxy */;
		};
		D34BE76B2C9F163600A3A3CA /* PBXTargetDependency */ = {
			isa = PBXTargetDependency;
			target = D34BE74C2C9F163400A3A3CA /* StudyApp */;
			targetProxy = D34BE76A2C9F163600A3A3CA /* PBXContainerItemProxy */;
		};
/* End PBXTargetDependency section */

/* Begin XCBuildConfiguration section */
		D34BE7712C9F163600A3A3CA /* Debug */ = {
			isa = XCBuildConfiguration;
			baseConfigurationReference = 616BB57B2E2356B000B6E64E /* Debug.xcconfig */;
			buildSettings = {
				ALWAYS_SEARCH_USER_PATHS = NO;
				ASSETCATALOG_COMPILER_GENERATE_SWIFT_ASSET_SYMBOL_EXTENSIONS = YES;
				CLANG_ANALYZER_NONNULL = YES;
				CLANG_ANALYZER_NUMBER_OBJECT_CONVERSION = YES_AGGRESSIVE;
				CLANG_CXX_LANGUAGE_STANDARD = "gnu++20";
				CLANG_ENABLE_MODULES = YES;
				CLANG_ENABLE_OBJC_ARC = YES;
				CLANG_ENABLE_OBJC_WEAK = YES;
				CLANG_WARN_BLOCK_CAPTURE_AUTORELEASING = YES;
				CLANG_WARN_BOOL_CONVERSION = YES;
				CLANG_WARN_COMMA = YES;
				CLANG_WARN_CONSTANT_CONVERSION = YES;
				CLANG_WARN_DEPRECATED_OBJC_IMPLEMENTATIONS = YES;
				CLANG_WARN_DIRECT_OBJC_ISA_USAGE = YES_ERROR;
				CLANG_WARN_DOCUMENTATION_COMMENTS = YES;
				CLANG_WARN_EMPTY_BODY = YES;
				CLANG_WARN_ENUM_CONVERSION = YES;
				CLANG_WARN_INFINITE_RECURSION = YES;
				CLANG_WARN_INT_CONVERSION = YES;
				CLANG_WARN_NON_LITERAL_NULL_CONVERSION = YES;
				CLANG_WARN_OBJC_IMPLICIT_RETAIN_SELF = YES;
				CLANG_WARN_OBJC_LITERAL_CONVERSION = YES;
				CLANG_WARN_OBJC_ROOT_CLASS = YES_ERROR;
				CLANG_WARN_QUOTED_INCLUDE_IN_FRAMEWORK_HEADER = YES;
				CLANG_WARN_RANGE_LOOP_ANALYSIS = YES;
				CLANG_WARN_STRICT_PROTOTYPES = YES;
				CLANG_WARN_SUSPICIOUS_MOVE = YES;
				CLANG_WARN_UNGUARDED_AVAILABILITY = YES_AGGRESSIVE;
				CLANG_WARN_UNREACHABLE_CODE = YES;
				CLANG_WARN__DUPLICATE_METHOD_MATCH = YES;
				COPY_PHASE_STRIP = NO;
				DEBUG_INFORMATION_FORMAT = dwarf;
				DEVELOPMENT_TEAM = 4TTDUWKTNV;
				ENABLE_ENHANCED_SECURITY = YES;
				ENABLE_POINTER_AUTHENTICATION = YES;
				ENABLE_STRICT_OBJC_MSGSEND = YES;
				ENABLE_TESTABILITY = YES;
				ENABLE_USER_SCRIPT_SANDBOXING = YES;
				GCC_C_LANGUAGE_STANDARD = gnu17;
				GCC_DYNAMIC_NO_PIC = NO;
				GCC_NO_COMMON_BLOCKS = YES;
				GCC_OPTIMIZATION_LEVEL = 0;
				GCC_PREPROCESSOR_DEFINITIONS = (
					"DEBUG=1",
					"$(inherited)",
				);
				GCC_WARN_64_TO_32_BIT_CONVERSION = YES;
				GCC_WARN_ABOUT_RETURN_TYPE = YES_ERROR;
				GCC_WARN_UNDECLARED_SELECTOR = YES;
				GCC_WARN_UNINITIALIZED_AUTOS = YES_AGGRESSIVE;
				GCC_WARN_UNUSED_FUNCTION = YES;
				GCC_WARN_UNUSED_VARIABLE = YES;
				IPHONEOS_DEPLOYMENT_TARGET = 18.0;
				LOCALIZATION_PREFERS_STRING_CATALOGS = YES;
				MTL_ENABLE_DEBUG_INFO = INCLUDE_SOURCE;
				MTL_FAST_MATH = YES;
				ONLY_ACTIVE_ARCH = YES;
				OTHER_SWIFT_FLAGS = "";
				SDKROOT = iphoneos;
				STRING_CATALOG_GENERATE_SYMBOLS = YES;
				SWIFT_ACTIVE_COMPILATION_CONDITIONS = "DEBUG $(inherited)";
				SWIFT_OPTIMIZATION_LEVEL = "-Onone";
			};
			name = Debug;
		};
		D34BE7722C9F163600A3A3CA /* Release */ = {
			isa = XCBuildConfiguration;
			buildSettings = {
				ALWAYS_SEARCH_USER_PATHS = NO;
				ASSETCATALOG_COMPILER_GENERATE_SWIFT_ASSET_SYMBOL_EXTENSIONS = YES;
				CLANG_ANALYZER_NONNULL = YES;
				CLANG_ANALYZER_NUMBER_OBJECT_CONVERSION = YES_AGGRESSIVE;
				CLANG_CXX_LANGUAGE_STANDARD = "gnu++20";
				CLANG_ENABLE_MODULES = YES;
				CLANG_ENABLE_OBJC_ARC = YES;
				CLANG_ENABLE_OBJC_WEAK = YES;
				CLANG_WARN_BLOCK_CAPTURE_AUTORELEASING = YES;
				CLANG_WARN_BOOL_CONVERSION = YES;
				CLANG_WARN_COMMA = YES;
				CLANG_WARN_CONSTANT_CONVERSION = YES;
				CLANG_WARN_DEPRECATED_OBJC_IMPLEMENTATIONS = YES;
				CLANG_WARN_DIRECT_OBJC_ISA_USAGE = YES_ERROR;
				CLANG_WARN_DOCUMENTATION_COMMENTS = YES;
				CLANG_WARN_EMPTY_BODY = YES;
				CLANG_WARN_ENUM_CONVERSION = YES;
				CLANG_WARN_INFINITE_RECURSION = YES;
				CLANG_WARN_INT_CONVERSION = YES;
				CLANG_WARN_NON_LITERAL_NULL_CONVERSION = YES;
				CLANG_WARN_OBJC_IMPLICIT_RETAIN_SELF = YES;
				CLANG_WARN_OBJC_LITERAL_CONVERSION = YES;
				CLANG_WARN_OBJC_ROOT_CLASS = YES_ERROR;
				CLANG_WARN_QUOTED_INCLUDE_IN_FRAMEWORK_HEADER = YES;
				CLANG_WARN_RANGE_LOOP_ANALYSIS = YES;
				CLANG_WARN_STRICT_PROTOTYPES = YES;
				CLANG_WARN_SUSPICIOUS_MOVE = YES;
				CLANG_WARN_UNGUARDED_AVAILABILITY = YES_AGGRESSIVE;
				CLANG_WARN_UNREACHABLE_CODE = YES;
				CLANG_WARN__DUPLICATE_METHOD_MATCH = YES;
				COPY_PHASE_STRIP = NO;
				DEBUG_INFORMATION_FORMAT = "dwarf-with-dsym";
				DEVELOPMENT_TEAM = 4TTDUWKTNV;
				ENABLE_ENHANCED_SECURITY = YES;
				ENABLE_NS_ASSERTIONS = NO;
				ENABLE_POINTER_AUTHENTICATION = YES;
				ENABLE_STRICT_OBJC_MSGSEND = YES;
				ENABLE_USER_SCRIPT_SANDBOXING = YES;
				GCC_C_LANGUAGE_STANDARD = gnu17;
				GCC_NO_COMMON_BLOCKS = YES;
				GCC_WARN_64_TO_32_BIT_CONVERSION = YES;
				GCC_WARN_ABOUT_RETURN_TYPE = YES_ERROR;
				GCC_WARN_UNDECLARED_SELECTOR = YES;
				GCC_WARN_UNINITIALIZED_AUTOS = YES_AGGRESSIVE;
				GCC_WARN_UNUSED_FUNCTION = YES;
				GCC_WARN_UNUSED_VARIABLE = YES;
				IPHONEOS_DEPLOYMENT_TARGET = 18.0;
				LOCALIZATION_PREFERS_STRING_CATALOGS = YES;
				MTL_ENABLE_DEBUG_INFO = NO;
				MTL_FAST_MATH = YES;
				OTHER_SWIFT_FLAGS = "";
				SDKROOT = iphoneos;
				STRING_CATALOG_GENERATE_SYMBOLS = YES;
				SWIFT_COMPILATION_MODE = wholemodule;
				VALIDATE_PRODUCT = YES;
			};
			name = Release;
		};
		D34BE7742C9F163600A3A3CA /* Debug */ = {
			isa = XCBuildConfiguration;
			buildSettings = {
				ASSETCATALOG_COMPILER_APPICON_NAME = AppIcon;
				ASSETCATALOG_COMPILER_GLOBAL_ACCENT_COLOR_NAME = AccentColor;
				CODE_SIGN_ENTITLEMENTS = StudyApp/StudyApp.entitlements;
				CODE_SIGN_IDENTITY = "Apple Development";
				CODE_SIGN_STYLE = Automatic;
				CURRENT_PROJECT_VERSION = 1;
				DEVELOPMENT_ASSET_PATHS = "\"StudyApp/Preview Content\"";
				DEVELOPMENT_TEAM = 4TTDUWKTNV;
				ENABLE_ENHANCED_SECURITY = YES;
				ENABLE_POINTER_AUTHENTICATION = YES;
				ENABLE_PREVIEWS = YES;
				GENERATE_INFOPLIST_FILE = YES;
				INFOPLIST_FILE = StudyApp/Info.plist;
				INFOPLIST_KEY_CFBundleDisplayName = SchoolMate;
				INFOPLIST_KEY_UIApplicationSceneManifest_Generation = YES;
				INFOPLIST_KEY_UIApplicationSupportsIndirectInputEvents = YES;
				INFOPLIST_KEY_UILaunchScreen_Generation = YES;
				INFOPLIST_KEY_UISupportedInterfaceOrientations_iPad = "UIInterfaceOrientationPortrait UIInterfaceOrientationPortraitUpsideDown UIInterfaceOrientationLandscapeLeft UIInterfaceOrientationLandscapeRight";
				INFOPLIST_KEY_UISupportedInterfaceOrientations_iPhone = "UIInterfaceOrientationPortrait UIInterfaceOrientationLandscapeLeft UIInterfaceOrientationLandscapeRight";
				LD_RUNPATH_SEARCH_PATHS = (
					"$(inherited)",
					"@executable_path/Frameworks",
				);
				MARKETING_VERSION = 1.0;
				PRODUCT_BUNDLE_IDENTIFIER = com.rajeshmani.schoolbee;
				PRODUCT_NAME = "$(TARGET_NAME)";
				PROVISIONING_PROFILE_SPECIFIER = "";
				SWIFT_EMIT_LOC_STRINGS = YES;
				SWIFT_VERSION = 6.0;
				TARGETED_DEVICE_FAMILY = "1,2";
			};
			name = Debug;
		};
		D34BE7752C9F163600A3A3CA /* Release */ = {
			isa = XCBuildConfiguration;
			buildSettings = {
				ASSETCATALOG_COMPILER_APPICON_NAME = AppIcon;
				ASSETCATALOG_COMPILER_GLOBAL_ACCENT_COLOR_NAME = AccentColor;
				CODE_SIGN_ENTITLEMENTS = StudyApp/StudyApp.entitlements;
				CODE_SIGN_IDENTITY = "Apple Development";
				CODE_SIGN_STYLE = Automatic;
				CURRENT_PROJECT_VERSION = 1;
				DEVELOPMENT_ASSET_PATHS = "\"StudyApp/Preview Content\"";
				DEVELOPMENT_TEAM = 4TTDUWKTNV;
				ENABLE_ENHANCED_SECURITY = YES;
				ENABLE_POINTER_AUTHENTICATION = YES;
				ENABLE_PREVIEWS = YES;
				GENERATE_INFOPLIST_FILE = YES;
				INFOPLIST_FILE = StudyApp/Info.plist;
				INFOPLIST_KEY_CFBundleDisplayName = SchoolMate;
				INFOPLIST_KEY_UIApplicationSceneManifest_Generation = YES;
				INFOPLIST_KEY_UIApplicationSupportsIndirectInputEvents = YES;
				INFOPLIST_KEY_UILaunchScreen_Generation = YES;
				INFOPLIST_KEY_UISupportedInterfaceOrientations_iPad = "UIInterfaceOrientationPortrait UIInterfaceOrientationPortraitUpsideDown UIInterfaceOrientationLandscapeLeft UIInterfaceOrientationLandscapeRight";
				INFOPLIST_KEY_UISupportedInterfaceOrientations_iPhone = "UIInterfaceOrientationPortrait UIInterfaceOrientationLandscapeLeft UIInterfaceOrientationLandscapeRight";
				LD_RUNPATH_SEARCH_PATHS = (
					"$(inherited)",
					"@executable_path/Frameworks",
				);
				MARKETING_VERSION = 1.0;
				PRODUCT_BUNDLE_IDENTIFIER = com.rajeshmani.schoolbee;
				PRODUCT_NAME = "$(TARGET_NAME)";
				PROVISIONING_PROFILE_SPECIFIER = "";
				SWIFT_EMIT_LOC_STRINGS = YES;
				SWIFT_VERSION = 6.0;
				TARGETED_DEVICE_FAMILY = "1,2";
			};
			name = Release;
		};
		D34BE7772C9F163600A3A3CA /* Debug */ = {
			isa = XCBuildConfiguration;
			buildSettings = {
				BUNDLE_LOADER = "$(TEST_HOST)";
				CODE_SIGN_STYLE = Automatic;
				CURRENT_PROJECT_VERSION = 1;
				GENERATE_INFOPLIST_FILE = YES;
				IPHONEOS_DEPLOYMENT_TARGET = 18.0;
				MARKETING_VERSION = 1.0;
				PRODUCT_BUNDLE_IDENTIFIER = com.rajeshmani.schoolbeeTests;
				PRODUCT_NAME = "$(TARGET_NAME)";
				SWIFT_EMIT_LOC_STRINGS = NO;
				SWIFT_VERSION = 5.0;
				TARGETED_DEVICE_FAMILY = "1,2";
				TEST_HOST = "$(BUILT_PRODUCTS_DIR)/StudyApp.app/$(BUNDLE_EXECUTABLE_FOLDER_PATH)/StudyApp";
			};
			name = Debug;
		};
		D34BE7782C9F163600A3A3CA /* Release */ = {
			isa = XCBuildConfiguration;
			buildSettings = {
				BUNDLE_LOADER = "$(TEST_HOST)";
				CODE_SIGN_STYLE = Automatic;
				CURRENT_PROJECT_VERSION = 1;
				GENERATE_INFOPLIST_FILE = YES;
				IPHONEOS_DEPLOYMENT_TARGET = 18.0;
				MARKETING_VERSION = 1.0;
				PRODUCT_BUNDLE_IDENTIFIER = com.rajeshmani.schoolbeeTests;
				PRODUCT_NAME = "$(TARGET_NAME)";
				SWIFT_EMIT_LOC_STRINGS = NO;
				SWIFT_VERSION = 5.0;
				TARGETED_DEVICE_FAMILY = "1,2";
				TEST_HOST = "$(BUILT_PRODUCTS_DIR)/StudyApp.app/$(BUNDLE_EXECUTABLE_FOLDER_PATH)/StudyApp";
			};
			name = Release;
		};
		D34BE77A2C9F163600A3A3CA /* Debug */ = {
			isa = XCBuildConfiguration;
			buildSettings = {
				CODE_SIGN_STYLE = Automatic;
				CURRENT_PROJECT_VERSION = 1;
				GENERATE_INFOPLIST_FILE = YES;
				MARKETING_VERSION = 1.0;
				PRODUCT_BUNDLE_IDENTIFIER = com.rajeshmani.schoolbeeUITests;
				PRODUCT_NAME = "$(TARGET_NAME)";
				SWIFT_EMIT_LOC_STRINGS = NO;
				SWIFT_VERSION = 5.0;
				TARGETED_DEVICE_FAMILY = "1,2";
				TEST_TARGET_NAME = StudyApp;
			};
			name = Debug;
		};
		D34BE77B2C9F163600A3A3CA /* Release */ = {
			isa = XCBuildConfiguration;
			buildSettings = {
				CODE_SIGN_STYLE = Automatic;
				CURRENT_PROJECT_VERSION = 1;
				GENERATE_INFOPLIST_FILE = YES;
				MARKETING_VERSION = 1.0;
				PRODUCT_BUNDLE_IDENTIFIER = com.rajeshmani.schoolbeeUITests;
				PRODUCT_NAME = "$(TARGET_NAME)";
				SWIFT_EMIT_LOC_STRINGS = NO;
				SWIFT_VERSION = 5.0;
				TARGETED_DEVICE_FAMILY = "1,2";
				TEST_TARGET_NAME = StudyApp;
			};
			name = Release;
		};
/* End XCBuildConfiguration section */

/* Begin XCConfigurationList section */
		D34BE7482C9F163400A3A3CA /* Build configuration list for PBXProject "StudyApp" */ = {
			isa = XCConfigurationList;
			buildConfigurations = (
				D34BE7712C9F163600A3A3CA /* Debug */,
				D34BE7722C9F163600A3A3CA /* Release */,
			);
			defaultConfigurationIsVisible = 0;
			defaultConfigurationName = Release;
		};
		D34BE7732C9F163600A3A3CA /* Build configuration list for PBXNativeTarget "StudyApp" */ = {
			isa = XCConfigurationList;
			buildConfigurations = (
				D34BE7742C9F163600A3A3CA /* Debug */,
				D34BE7752C9F163600A3A3CA /* Release */,
			);
			defaultConfigurationIsVisible = 0;
			defaultConfigurationName = Release;
		};
		D34BE7762C9F163600A3A3CA /* Build configuration list for PBXNativeTarget "StudyAppTests" */ = {
			isa = XCConfigurationList;
			buildConfigurations = (
				D34BE7772C9F163600A3A3CA /* Debug */,
				D34BE7782C9F163600A3A3CA /* Release */,
			);
			defaultConfigurationIsVisible = 0;
			defaultConfigurationName = Release;
		};
		D34BE7792C9F163600A3A3CA /* Build configuration list for PBXNativeTarget "StudyAppUITests" */ = {
			isa = XCConfigurationList;
			buildConfigurations = (
				D34BE77A2C9F163600A3A3CA /* Debug */,
				D34BE77B2C9F163600A3A3CA /* Release */,
			);
			defaultConfigurationIsVisible = 0;
			defaultConfigurationName = Release;
		};
/* End XCConfigurationList section */
	};
	rootObject = D34BE7452C9F163400A3A3CA /* Project object */;
}
